# This file was autogenerated by uv via the following command:
#    uv pip compile pyproject.toml interop/pydantic-ai-native-2026-10-02/requirements.in --constraint interop/pydantic-ai-native-2026-10-02/requirements.lock --python-version 3.13 --generate-hashes --output-file interop/pydantic-ai-native-2026-10-02/requirements.lock
annotated-types==0.8.0 \
    --hash=sha256:13b2beaad985e05e2d6407ee4c4f35590b11f8d693a258a561055cac8f64cab7 \
    --hash=sha256:f072f4d804ea359e4eaf198b1af7a8b0943881a87f31bb764f8bf219bb9419e0
    # via
    #   -c interop/pydantic-ai-native-2026-10-02/requirements.lock
    #   pydantic
anyio==4.15.1 \
    --hash=sha256:6152fdbbf9a77fdec97731721bebf7c4c44f7c29b424b0065826173efc7ed101 \
    --hash=sha256:9f28306018cbd6d329e64a36d58256edff76dd996fe423bc957326e578b82a94
    # via
    #   -c interop/pydantic-ai-native-2026-10-02/requirements.lock
    #   httpx
    #   httpx2
certifi==2026.7.22 \
    --hash=sha256:62f22742b58a1a33014a2b6b706588a8d7e2a88ae7bd1a6ebe8c992928483775 \
    --hash=sha256:741e2c3b351ddf169a738da9f2c048608ff7f2c5cc02f1ebc6b118bb090d5d55
    # via
    #   -c interop/pydantic-ai-native-2026-10-02/requirements.lock
    #   httpcore
    #   httpx
cffi==2.1.1 \
    --hash=sha256:046bfc24911b37851ee1b51aab8bffe713d89c68c6a057b09484ce9fd5f69b4e \
    --hash=sha256:06c72bb76605a4b0cd0aad6930b69d4baf7dd5d806cfc409b824191099700e66 \
    --hash=sha256:0beceaabe56af686895136a2de78db54ecd8e4046b236b8fd6d6cb61389e9bf2 \
    --hash=sha256:154852545011f779917b11c78db2358d095da62a9a172b78ad0a583ee5adc0d0 \
    --hash=sha256:194cffa889098ced9976c3fc6340305e43f6303657d298da55366907c05c22d6 \
    --hash=sha256:19ee6127ee34de7d83ce3d371ebc5ed91addbdcc39f9ab15ce4eb35a4e534971 \
    --hash=sha256:1a18a57b58cfb21fc28d72e876acf10eaed67a1ed96226f92af4df681d571c4c \
    --hash=sha256:1aa5645c30469b09530c4ebca77ebf8f17618293c58f8549cb1a543a50236e7d \
    --hash=sha256:1dea0e4d7d4f11f619fe8c1d76caf49e24405b4b5743c0e3be16a500ecd930c9 \
    --hash=sha256:208f941bb9d18e768138677f0a6d2ce01f590df56043dda1df1535ac57c88517 \
    --hash=sha256:210019b6c7cf07f081b4c54635c8cf744377001350e29cc0f81c4377b4797735 \
    --hash=sha256:246fa40ce8645a614ff682e0b70f37134e460eaf93a775e0cbe3cca585a67a80 \
    --hash=sha256:25792eac27877609e7bb06d42ff88278a6624fff2ba9bbb523c09616b117e80f \
    --hash=sha256:27350daa11d4f10c540e6e89dada4c54feb7256ad03e9a4dc075ebad7ba360d1 \
    --hash=sha256:28907ab9bfb6aa13184cfc17c6b8e1023c5ab6fd7076d8c20a35e59fe04f8f29 \
    --hash=sha256:2ae64be792b8966f2c69538199728b290e34726562896df1e5dc8ffd8d8188e8 \
    --hash=sha256:31348097ff5bbe827ccc41795d4dd099d9f0625e7def00ee653c137a490c2a6c \
    --hash=sha256:3143d81e29e1e20a9ce10901ec369012947876596f75a222235965f2b7ae832e \
    --hash=sha256:3222ba5d678f80a030e6afbcc33dc1ae5cb45facabb61cee2c7016b8432fde48 \
    --hash=sha256:3311ed60d36f83378794e1009ac6258bafbf81f7888b4caa7b35a521e3f95813 \
    --hash=sha256:334644fbac4eff73d985a17a91226df55d0f394160c4cfb880e084c8f7161cac \
    --hash=sha256:34e261f78cb6ceaaa36f42f2613f4380d94d9c759a9c73c769ee6e0247364632 \
    --hash=sha256:363e05fa78e15116c3c32c210ee36884fd6b9afa6d440e47112c3bd511d64cb6 \
    --hash=sha256:398aff33cee2767e3e781d2554c54bd0dff386bb437581e0d8011fde1a942ec1 \
    --hash=sha256:3d22a20b1fb1632cc72c22f95f7b0d2961c3e1c235f245ba4c606c4771035659 \
    --hash=sha256:42a494cee34437f05546455144f2b5d9ac09b1face62bcfce597d2e521066688 \
    --hash=sha256:42e2f76b9455f5a9a844f770bf3e200ed3da0e15f5df3db9c31fe80b04b3d004 \
    --hash=sha256:42f6930c31dc7f50732c9ae793c2786c7b6b044195967bbdde40bb9be81c4cc0 \
    --hash=sha256:456a61fa52d579ebf9df2e9552ead5129855dbaff6c1e5a9b1bc408809bdc062 \
    --hash=sha256:471cee653ae88de62096552e6d24ccb4a5adb8c8c9f10b5054d0122c15bf2779 \
    --hash=sha256:49cbc70e6542d4ccccb936558d1064a8012541e78f821f955cff24e357776c94 \
    --hash=sha256:4a7c934f7360e8cd64fe9efadcbd10c7c6364f531e432b9a4bf5ccbc9e0e8b50 \
    --hash=sha256:4be96343e422f2dfcd12ab5c9f5aebe03f82f737c6bffeca6830b3875cb44aab \
    --hash=sha256:4f42141fc14250de6dde5ee7ea4432be017252d91f19c5ad043c084cea629cac \
    --hash=sha256:507a24c282e0f42f8ed737cf048572cbf580468da5555764a8331735e9c736b6 \
    --hash=sha256:51b31d1c98274844cfd7838ce00bfc27c7423a4dc00fc0772fc3331c2cc90676 \
    --hash=sha256:58acb8ab8e295e6c5ea12f888cbb13cf21511ef2a3303a23f4325c29d17fe5c1 \
    --hash=sha256:5a59cc1c4442bc3d5c703bf720b51138d0bfc173618807c9ee2490a7541dd3d9 \
    --hash=sha256:5bb4e7ea95dcd6a014a6fef62e62467d67d8e582326443f3d68e71d6320a9fcf \
    --hash=sha256:5c58fe613dc5e5336357eff555824a314d8e43282600435c8d1cb6a7a2fedd13 \
    --hash=sha256:5e7cecbaadb83884793e05828cee59b210b24583b9c7425d0ba6a754fe22eb4e \
    --hash=sha256:616f097f2fe415bc92a247f02e11f634e1f9e9a83d327e3c915c15089c87869e \
    --hash=sha256:63bbfd5ded17c4840ac07cd8f1c21ba9d9708141f840b324f422f41b207e3973 \
    --hash=sha256:64faea20f4e2613363a1a9b9c7dd73058f3ecd00133a511e72ad7c511658f527 \
    --hash=sha256:661c298b4821edebead0c91edd2b00374d67ad7c5a1f7a91d4442633b79d6a72 \
    --hash=sha256:68e62fe11f30d5ca8289242866f0a5291402d8529ca2178ab8afc5c9694ae890 \
    --hash=sha256:6a8dddef476fab96d066d578fc88526767b836ab5ab21754e1d5bf3879c31c7c \
    --hash=sha256:6e192623c49c94421616a5778fba35cf0d5a8d000650c1967ef4448ee5cdd990 \
    --hash=sha256:7225e4514edb64eb6740324353e0da0711954fd8d7da4576755b1c6e09b697cd \
    --hash=sha256:75f80557d1389eddbd0de2681f6a390a0c5338c31ddaa821381c203fc3fd50d9 \
    --hash=sha256:770de9db11e84213beec501cfcaa013b019820ca881e03344dea5844f7876d94 \
    --hash=sha256:7750c6449dff7864bb9bb27ddfb0267756189201a3afc911d82b3caacd70dfc3 \
    --hash=sha256:7bde5e4cc5c10140859842b9d383af292b22639a4dffb725314baf45968cef80 \
    --hash=sha256:7ce713ace7c0e4520535b42b77eaa742c16dab813978064913e5a3cf82973b41 \
    --hash=sha256:7da0c5eff80f0197f3b3d1232ec5a682a9325f4ae9016a78f5f5ca35f9ced1f5 \
    --hash=sha256:7dbb61fe3a7699468030f71bbe5f8a0e326a151daa91beb11a6fc1f980c55e1c \
    --hash=sha256:811bd1e21d32de12efca32393a0ab3f5133b54fce9bd44b8bd77ab07da14bf6a \
    --hash=sha256:8ef53b2de9bcb9197d31854256575d59dbac0cba72ac627bb291ef5eceb74be4 \
    --hash=sha256:937c0052c05a31ca1daf18de3158eed4dbfcb9cc107adbea227728d647be701e \
    --hash=sha256:9d2055050ea716bd38b7f7f1579c275386646b4894c155a3e2f3cd62ed41b7c6 \
    --hash=sha256:9f8d177621de5cb38ee3e731eda45d421db093ec0739f46a5594babda7987a98 \
    --hash=sha256:a2d7755bef5a12ed488f4ef1f1b69ee9191d7396083b755a5d2295f6edb4768b \
    --hash=sha256:a48d62ab9d6f4f98c983223a547af44be6ca3691074c31cecced6facd3ba2dc1 \
    --hash=sha256:a4f00aa42f75d6e4595e8866e748cc1705adc0cddfeb2ca86d0d03993d63ba03 \
    --hash=sha256:a6e721d4b0e45d5b65e87534470e67b18dcd092c83f68fba09f152b9cbc061af \
    --hash=sha256:a730a083190634c65cca36ba5f489531576ebd79bcd5c8e172130f6453127231 \
    --hash=sha256:a931079504ecc49efed7744c476a5c343a92fabf66dec2db95edb1b2fdc770e2 \
    --hash=sha256:aa9511c62d14da7aacc9b4bf51f3f697a621e83b2d6919008243c3aad168eea3 \
    --hash=sha256:ab36d55f9ed2d067327667c2fea18dda018eb628dd6347aa01dda6cf1f5d3836 \
    --hash=sha256:ad2c86c495b899d862ea0f4b42891b8713a3bd45dd4105c7fd51c2a72f39f3a5 \
    --hash=sha256:aeae0e330c9f6acd681f647d46cefd30c29f93e3392882e792e82080c9691399 \
    --hash=sha256:b0431303acaea1089ad4b3e9ce4e6518193def1118d4073ca848635ee4ea2e96 \
    --hash=sha256:b5bdfd1c873d4e093aabc0ca84c4ca6dbc4f752afb5c86f146d9742580c9da2e \
    --hash=sha256:baed1e86cc735622097354b9d1281406caf42ff42a886d29faa8e8d1630333be \
    --hash=sha256:c1453022f490d2459a11819d83ad1d586e9ff65a12ac3e705ffebd46d3685dcf \
    --hash=sha256:c26608d2222fb1e94487e4a387d85f13eb55d5ed725cb25a0c589ac4ee60e7bc \
    --hash=sha256:c7659f22557c5a0bc4855cd635f55edec690cc008a40768527762cb9fb263455 \
    --hash=sha256:c8c69575568085ba0b1b10c0249d779a214aea6f6522e949a0fc9fb0fcb449d0 \
    --hash=sha256:c8d2c9fd1f2d16f780d15127abb050d13d1a76c03a4bd87d7e4980e45e511e12 \
    --hash=sha256:ca82be1a1d406ecfe1d25dc16cb33488e5a16bf4438c9fb590484ea29d92478b \
    --hash=sha256:cc572dace3f60ef98d7b12ff411d20f5362feb31a0439eab0085bbfd349982d7 \
    --hash=sha256:d18e5ac0f2f03f4f518d3e23db0f0cad7faa1da8620e9c09461d443bbf6e6692 \
    --hash=sha256:d28630f5854ab07ab1fd4aba756de52326c82e6be15d414b12793f1975048b54 \
    --hash=sha256:d9c275eaacd24aa73f94ffd6de08fc3f932424d8b6c376f4bed7cde376fe7bc3 \
    --hash=sha256:da0e573f9f97159390c89d9f1a9e41908b66d408cc5b58d08cf3847d844c531b \
    --hash=sha256:dd31f52ea1086513bb9df30f8fcee9b8918323ae067a3d5b78bc826a000712be \
    --hash=sha256:dddad92b554513a31f272570678ba307fb9f618f05e3d4a5eacafff9eae03e1d \
    --hash=sha256:df423d40ee8654634421812bc3b196da3f9bd7d32929da813f8394c4348a5358 \
    --hash=sha256:df913725b79db7bcf03448f36b7bf8815363417d5b58deecf9305e3e30f0f21a \
    --hash=sha256:e0bcb7e0f677f543555d2adff3bf19c05f66cdb4796e5ff602442ab2fe3c4ef7 \
    --hash=sha256:e2d65b31f36619cda3999b78b2aa9632e76b78448e7a56fc4240824200e7c4fc \
    --hash=sha256:e6e8cff14d6fb0be70a09c0bdc58096f501952d04624ebf867e0e56da2df8960 \
    --hash=sha256:f16c709686a78c727bbbf059f92b0bf41c6fc60deec706d2dc19f529175a6125 \
    --hash=sha256:f24fb43132a4c6b4cb4eb029492919b2db645be6808d738f244fd146c03c32cb \
    --hash=sha256:f53e442b08449d42821fa4a4fba000095af9f62742a500f978a9f557ec44339a \
    --hash=sha256:f5cfbc5fe74540d335175b656c725d74d90e3730c626d92575eea35029d9afaa \
    --hash=sha256:f81b3b8f3d4e343550fa4baa0e479bba9f2d29ce9c2e9b51d1ce1718d7442fcf \
    --hash=sha256:f8ec5e643a9a937f64e1999eb9f75d072263751912dc5cd06d3c85f8f44be7c3 \
    --hash=sha256:fb92203a88b3d3053034db775110081c49d28be6551923805e039924093761e4 \
    --hash=sha256:fcd22650c908d7b7da162bbfaab594a1227a15d1643a98c68b122ac642fa2264
    # via
    #   -c interop/pydantic-ai-native-2026-10-02/requirements.lock
    #   cryptography
cryptography==46.0.7 \
    --hash=sha256:04959522f938493042d595a736e7dbdff6eb6cc2339c11465b3ff89343b65f65 \
    --hash=sha256:128c5edfe5e5938b86b03941e94fac9ee793a94452ad1365c9fc3f4f62216832 \
    --hash=sha256:1d25aee46d0c6f1a501adcddb2d2fee4b979381346a78558ed13e50aa8a59067 \
    --hash=sha256:24402210aa54baae71d99441d15bb5a1919c195398a87b563df84468160a65de \
    --hash=sha256:258514877e15963bd43b558917bc9f54cf7cf866c38aa576ebf47a77ddbc43a4 \
    --hash=sha256:35719dc79d4730d30f1c2b6474bd6acda36ae2dfae1e3c16f2051f215df33ce0 \
    --hash=sha256:397655da831414d165029da9bc483bed2fe0e75dde6a1523ec2fe63f3c46046b \
    --hash=sha256:3986ac1dee6def53797289999eabe84798ad7817f3e97779b5061a95b0ee4968 \
    --hash=sha256:420b1e4109cc95f0e5700eed79908cef9268265c773d3a66f7af1eef53d409ef \
    --hash=sha256:42a1e5f98abb6391717978baf9f90dc28a743b7d9be7f0751a6f56a75d14065b \
    --hash=sha256:462ad5cb1c148a22b2e3bcc5ad52504dff325d17daf5df8d88c17dda1f75f2a4 \
    --hash=sha256:506c4ff91eff4f82bdac7633318a526b1d1309fc07ca76a3ad182cb5b686d6d3 \
    --hash=sha256:5ad9ef796328c5e3c4ceed237a183f5d41d21150f972455a9d926593a1dcb308 \
    --hash=sha256:5d1c02a14ceb9148cc7816249f64f623fbfee39e8c03b3650d842ad3f34d637e \
    --hash=sha256:5e51be372b26ef4ba3de3c167cd3d1022934bc838ae9eaad7e644986d2a3d163 \
    --hash=sha256:60627cf07e0d9274338521205899337c5d18249db56865f943cbe753aa96f40f \
    --hash=sha256:65814c60f8cc400c63131584e3e1fad01235edba2614b61fbfbfa954082db0ee \
    --hash=sha256:73510b83623e080a2c35c62c15298096e2a5dc8d51c3b4e1740211839d0dea77 \
    --hash=sha256:7bbc6ccf49d05ac8f7d7b5e2e2c33830d4fe2061def88210a126d130d7f71a85 \
    --hash=sha256:80406c3065e2c55d7f49a9550fe0c49b3f12e5bfff5dedb727e319e1afb9bf99 \
    --hash=sha256:84d4cced91f0f159a7ddacad249cc077e63195c36aac40b4150e7a57e84fffe7 \
    --hash=sha256:8a469028a86f12eb7d2fe97162d0634026d92a21f3ae0ac87ed1c4a447886c83 \
    --hash=sha256:91bbcb08347344f810cbe49065914fe048949648f6bd5c2519f34619142bbe85 \
    --hash=sha256:935ce7e3cfdb53e3536119a542b839bb94ec1ad081013e9ab9b7cfd478b05006 \
    --hash=sha256:9694078c5d44c157ef3162e3bf3946510b857df5a3955458381d1c7cfc143ddb \
    --hash=sha256:a1529d614f44b863a7b480c6d000fe93b59acee9c82ffa027cfadc77521a9f5e \
    --hash=sha256:abad9dac36cbf55de6eb49badd4016806b3165d396f64925bf2999bcb67837ba \
    --hash=sha256:b36a4695e29fe69215d75960b22577197aca3f7a25b9cf9d165dcfe9d80bc325 \
    --hash=sha256:b7b412817be92117ec5ed95f880defe9cf18a832e8cafacf0a22337dc1981b4d \
    --hash=sha256:c5b1ccd1239f48b7151a65bc6dd54bcfcc15e028c8ac126d3fada09db0e07ef1 \
    --hash=sha256:cbd5fb06b62bd0721e1170273d3f4d5a277044c47ca27ee257025146c34cbdd1 \
    --hash=sha256:cdf1a610ef82abb396451862739e3fc93b071c844399e15b90726ef7470eeaf2 \
    --hash=sha256:cdfbe22376065ffcf8be74dc9a909f032df19bc58a699456a21712d6e5eabfd0 \
    --hash=sha256:d02c738dacda7dc2a74d1b2b3177042009d5cab7c7079db74afc19e56ca1b455 \
    --hash=sha256:d151173275e1728cf7839aaa80c34fe550c04ddb27b34f48c232193df8db5842 \
    --hash=sha256:d23c8ca48e44ee015cd0a54aeccdf9f09004eba9fc96f38c911011d9ff1bd457 \
    --hash=sha256:d3b99c535a9de0adced13d159c5a9cf65c325601aa30f4be08afd680643e9c15 \
    --hash=sha256:d5f7520159cd9c2154eb61eb67548ca05c5774d39e9c2c4339fd793fe7d097b2 \
    --hash=sha256:db0f493b9181c7820c8134437eb8b0b4792085d37dbb24da050476ccb664e59c \
    --hash=sha256:e06acf3c99be55aa3b516397fe42f5855597f430add9c17fa46bf2e0fb34c9bb \
    --hash=sha256:e4cfd68c5f3e0bfdad0d38e023239b96a2fe84146481852dffbcca442c245aa5 \
    --hash=sha256:ea42cbe97209df307fdc3b155f1b6fa2577c0defa8f1f7d3be7d31d189108ad4 \
    --hash=sha256:ebd6daf519b9f189f85c479427bbd6e9c9037862cf8fe89ee35503bd209ed902 \
    --hash=sha256:f247c8c1a1fb45e12586afbb436ef21ff1e80670b2861a90353d9b025583d246 \
    --hash=sha256:fbfd0e5f273877695cb93baf14b185f4878128b250cc9f8e617ea0c025dfb022 \
    --hash=sha256:fc9ab8856ae6cf7c9358430e49b368f3108f050031442eaeb6b9d87e4dcf4e4f \
    --hash=sha256:fcd8eac50d9138c1d7fc53a653ba60a2bee81a505f9f8850b6b2888555a45d0e \
    --hash=sha256:fdd1736fed309b4300346f88f74cd120c27c56852c3838cab416e7a166f67298 \
    --hash=sha256:ffca7aa1d00cf7d6469b988c581598f2259e46215e0140af408966a24cf086ce
    # via
    #   -c interop/pydantic-ai-native-2026-10-02/requirements.lock
    #   -r interop/pydantic-ai-native-2026-10-02/requirements.in
    #   agent-evidence-observer (pyproject.toml)
genai-prices==0.1.9 \
    --hash=sha256:20ec774d32ec5d345510877fac415f2560bbfeb081bc4cd4e7ebce57a5503e8d \
    --hash=sha256:3da8faa0a126e4df7be36696b90abe2be1fea8826bfcf45d39d91bc397fa9d1d
    # via
    #   -c interop/pydantic-ai-native-2026-10-02/requirements.lock
    #   pydantic-ai-slim
griffelib==2.3.0 \
    --hash=sha256:1b8f9cd525681c26b1d6d574faa1371651e8459ca51d209684f50b8096ae06e0 \
    --hash=sha256:7b0952caf5bca6afa4bb5ee8c6a2d183fe3f21b62efc5f6c7243cb2b26d2d115
    # via
    #   -c interop/pydantic-ai-native-2026-10-02/requirements.lock
    #   pydantic-ai-slim
h11==0.16.0 \
    --hash=sha256:4e35b956cf45792e4caa5885e69fba00bdbc6ffafbfa020300e549b208ee5ff1 \
    --hash=sha256:63cf8bbe7522de3bf65932fda1d9c2772064ffb3dae62d55932da54b31cb6c86
    # via
    #   -c interop/pydantic-ai-native-2026-10-02/requirements.lock
    #   httpcore
    #   httpcore2
httpcore==1.0.9 \
    --hash=sha256:2d400746a40668fc9dec9810239072b40b4484b640a8c38fd654a024c7a1bf55 \
    --hash=sha256:6e34463af53fd2ab5d807f399a9b45ea31c3dfa2276f15a2c3f00afff6e176e8
    # via
    #   -c interop/pydantic-ai-native-2026-10-02/requirements.lock
    #   httpx
httpcore2==2.13.1 \
    --hash=sha256:e0aa977abe17e69a3b820a24542a6fa88702676d83880b8d194dcd18408e5103 \
    --hash=sha256:e1e05d4f25f7d7d496bfb96748f6f4b67657b03da069b3a68c36069f3db73d0a
    # via
    #   -c interop/pydantic-ai-native-2026-10-02/requirements.lock
    #   httpx2
httpx==0.28.1 \
    --hash=sha256:75e98c5f16b0f35b567856f597f06ff2270a374470a5c2392242528e3e3e42fc \
    --hash=sha256:d909fcccc110f8c7faf814ca82a9a4d816bc5a6dbfea25d6591d6985b8ba59ad
    # via
    #   -c interop/pydantic-ai-native-2026-10-02/requirements.lock
    #   pydantic-ai-slim
    #   pydantic-graph
httpx2==2.13.1 \
    --hash=sha256:6dff50fabc270ee5fd25d845d0b078ed20564579744d6d962850975996d2f9a4 \
    --hash=sha256:e48744a19e3af5ee48313d0ce5fe941d5422fae5705ea922a4aabf94d7800dfa
    # via
    #   -c interop/pydantic-ai-native-2026-10-02/requirements.lock
    #   genai-prices
hypothesis==6.168.3 \
    --hash=sha256:01768a03a30dc54df7fe457c0b34016c84d598fa00d5965ededab93ba4eb3408 \
    --hash=sha256:0369f5df055f96e117ab12e5f249668ff144731ab5280bc7a205fdf81f990b89 \
    --hash=sha256:03b131043608f94a2578a2a896a1a72092acb7079815eef5b8513b08447e0e62 \
    --hash=sha256:0608c610fc002978fc5de0f471770d8817e9455cb8649a47983c9f8bccfc1897 \
    --hash=sha256:0bdfc53c041b61c854fa3761735736b991bc2bddafee45a361cfe4d43027c1ef \
    --hash=sha256:0df00cbe8133aa220308d11fa28e3add996cf5102a39b279c1d711015fd9114b \
    --hash=sha256:0e1d91530cefdb9e0b6467c203eb509c61a11d70480a37db59cb53a2f9913102 \
    --hash=sha256:101531b4ccf7fa12965a6b295d10b64c2f8a8fab61e1f9b18c55335d8fb02575 \
    --hash=sha256:140fe3cc7ba98a4ffeeb6492c318b43c326110a4d7b4f56bb759d5c264e2dc1c \
    --hash=sha256:1a8a4ffc6c6e6e577f2bfbcfebf7cffbb310283ba2532c729570a0a752cebaaa \
    --hash=sha256:1b230a850de63334c16654a34a2d547e0179d36b9071d4439b3e7237f6d077e7 \
    --hash=sha256:209dc54cdb1b4d6d7020ad8d09e44c49756361b7183adacea4d6f5705085b595 \
    --hash=sha256:26084ef31653108da9e5eb171278a1d930e90d8631604391f828219f5c1f6cb2 \
    --hash=sha256:26928956c54748e4dfa587333741ab750246123b93484955646ff316cca27eef \
    --hash=sha256:28d88fa174ecbd4ecbd7bb290f06d0db084a3971c3f511ae2830b65b5e25500f \
    --hash=sha256:29dc56e6dc6eeb0aeb08ac463f847279bde2336c4786faf7ee0af4b93cd031a7 \
    --hash=sha256:2b52ac363096232bebc2add117e9178d91f4248f4cdb919fd1026b5f86a4bb16 \
    --hash=sha256:320920b1e3dae8611eee8a03d063cf2187446f2a17c38cfb8a7fc1466f71eee2 \
    --hash=sha256:32d0699566aaa93f9e97a44705d7164386f1e91de78d277f53bada35e78bcc96 \
    --hash=sha256:35380baa981108a7f60c4eab71e46acd8d8f58440520346a1a6aba06dca7e074 \
    --hash=sha256:377438de53afb94347d9845b7d90db5905c6d2a8d612108e9938e0f80503bb90 \
    --hash=sha256:3bc85014577982ec6d2e266edc5cd6e7a7d3674c648791ca983c67a52f89a0c4 \
    --hash=sha256:3cf6f1eeaf41cd8d60cf1f88fde905ca1dd77c906929a507d6ac7f66f2ccba2a \
    --hash=sha256:3ef7d26f5789e691401d5f87eafed9bd2763f0dbe47af6d6b66012a509404766 \
    --hash=sha256:3f1122223759acc0fe5301c1ae505d762ee61af91db7b191a791ccdbcd965462 \
    --hash=sha256:41e0120814de5c3a6b58d8cb27cb11b8873ab33fba130cd09855a27f5a12a1ca \
    --hash=sha256:44ace770bda3a0301739fc5a413c764de790c739df1f1a7218dd049f8594d9f5 \
    --hash=sha256:4bedbb379eab34f792af7ee9a05aae04e9c08bbb52e0f90f5a2110d4fe4b2fbd \
    --hash=sha256:558625ff28e415f2f770cad618c2c9e05a045a6586949397f178d537bec2f083 \
    --hash=sha256:5a953115b9f5c95133ab2d04efffeec96e5658c3207923dca7285f7db3e6bbef \
    --hash=sha256:6042b8707a4b25bbbfe20b110258fb7549a68951e5525608a8ce06091039e9fc \
    --hash=sha256:6173558e676ad25ed1e20507fa4024a0d816dd90f715f77006e5a28f19109026 \
    --hash=sha256:61f5782d807b1e6aa5c9beef1054cb2037e7d1add48a64972cd6ee447778781f \
    --hash=sha256:650528e2b1e2a45e95c2df624d4b9364b8ac5a027ba84e1eea2bc5398dd01dcd \
    --hash=sha256:65d78e4357ec48ed2c67825f06740ee3599be4cfe770a6092bed07108d679ac5 \
    --hash=sha256:71ab606c472449cb872ef2a7acaec679ee4f651b7f0a477a04ebc85d8933ef8c \
    --hash=sha256:7311d8ff296806ea41513d52edc832fcf43a1dc8d5c5f308cc386fc31b253a05 \
    --hash=sha256:73960a58f6efc8cbc57d8ad0647955f7c5b25f3d562e3eaa57afa1c69894f7aa \
    --hash=sha256:73c5627497968cc62d140e9fde1ea21e12cac7b64dc419fea8286cd34ff1ad4e \
    --hash=sha256:753bb501f8560d2e321ed3b62596b4496c56f15668b0a0669231ccc3e6c4e80d \
    --hash=sha256:785e2c45f8c08e274b4bf1ccae97f1a4e09407e9a68e80790cfab1d17a4a45fa \
    --hash=sha256:7aacf3cf40c7ce8f9e4924d5b57bc0b068beafdfed2347bcf160a28b4cfbba7b \
    --hash=sha256:7b9638789548361a57d984f56619ac694a914c328181d911271618409261ff4a \
    --hash=sha256:818b3d09bba60ef90463e47a4bc87275dba1e8aeb184d3102888440ca7c7837d \
    --hash=sha256:8367f623a98cbf90f33fd2a43b100671b152b5975bc343a578290945f52f7018 \
    --hash=sha256:836eda971f25ddfce274107ed113297e8acede8d9b267775742b8ba8a404d0f0 \
    --hash=sha256:9029775dc2e25e3e8e596c4306926f0079158353631c7c52c285bbc5c8073c2b \
    --hash=sha256:92325b276360fe86c5bf71a568c0d53a6d140b0de36dcf029f9164a17803bb24 \
    --hash=sha256:9b2d47f5d9060b049039bef0b267e88480f6468f95ee394e514e84a81ccdc5f5 \
    --hash=sha256:9d120009d145697909f2f0c532f2d568558ddd6990707f8cba6576bfb9770696 \
    --hash=sha256:9dcf6448b1ecc37f2b23f2d1b3ddfc9ff6b6910614c15a642dc82f419b96037b \
    --hash=sha256:9e3c36eba80e089ecfa28ec08049723223cb41d3cfe4d9988169cf98440e402b \
    --hash=sha256:a43388f9067678fef6e13bdff325b6cfa6961a590498bb37f7ff31589c83bc75 \
    --hash=sha256:aac5889ea7b0b86cf2bf5709250b7576c44859dd249d1be23c009a7d6fb9f742 \
    --hash=sha256:ae4f9f094041dcce5119ebd7bab71062743ab02b6e654d056b370beda78c19e2 \
    --hash=sha256:af8ca98cd11dc7f9427bb90483abcd9688d4df2e8e63893a30a2423b027ebb11 \
    --hash=sha256:b1872d2dc3f3758dfbf17cc39838b8e6b6a5c39a37811c067245e87b12d50f74 \
    --hash=sha256:b345f818083ec99966a43ca4f7b38feb62c6920ce28572bc2bde4948a8b7eaba \
    --hash=sha256:b823ba1fcec8da730f29316d010b06d3f7e0c3828dcf91020e24c55e7d24652a \
    --hash=sha256:b987d73eba95183a7e59cca6d1925c588aa4307922d9852cc2b4d282a2ae4128 \
    --hash=sha256:bb1063cb794765097b8c0add598bd34a904f44dc15db81275dd1f0ed1ac567ed \
    --hash=sha256:bc2b1c37631f2231dd0d077225aa5908fc2bd34a4c3faf475053b0bc2eb24c95 \
    --hash=sha256:bff12e036b67abc5ded682f724f4d7afaff5223190270a0763695f218c079068 \
    --hash=sha256:c73c6188056e6dc110260e39d141c69c3d02f23e3ba1d8610c7a8b6f2510ec96 \
    --hash=sha256:ccfc29505aa1cdcc254cb9cd701fd0811fef5480addd97d4127a00df023410f7 \
    --hash=sha256:d20972ca134e652e9928ecd200966a8a2857adc2812c1d74b12a872e5cd503eb \
    --hash=sha256:d28e3a6b511a74ce37df5274b51f36c2b274fea7365e00b16f0c81e22acd5957 \
    --hash=sha256:d4569c39bd97d9573e946429ed676f3b55a7c8ed80920addd67d384a47d59b38 \
    --hash=sha256:d479985fe73af97badfb72dc6d20c6a353e486a36f6d065f600026e0cf954a86 \
    --hash=sha256:d63b0226cd3e0d8bdd97c3384b22a21934ed4d53246c1c93575dada616672499 \
    --hash=sha256:dc66390fb12d80585aa9222bf538ce8b7aa22cf5d118250647355a1c9e8f62f4 \
    --hash=sha256:dd2849c269d674e4618590f3b48d443bd4c06b5aef3d8d869086c2e6d213d248 \
    --hash=sha256:e2d4c68729a13df9af4998d2652cfb5d541c5609b88c306880a5dfb284938ec2 \
    --hash=sha256:e9784aca26eddfe99b03a0292320db742cc8a74200ef864fdce949f526f973cd \
    --hash=sha256:eafbec09d3e87d13d8242411d1f5868b5e879f1bd6d95e233e9ff80c527bea1c \
    --hash=sha256:f071737e4e775bebba07e319eb645a880d1e0186b4d24bad23255e849d86d483 \
    --hash=sha256:f076bcd0f77fdcdb7797826c879099573d03a02e228ebe649ea917081b962ac0 \
    --hash=sha256:f09c05a23a8025dd5cad07c2ed299a46778e72d49ff0dd5bf353bcc0f7dc1580 \
    --hash=sha256:f0aaaed00438fa6673d856aaee12a4a8afbde82a9f3c5ff487cacfb064239afe \
    --hash=sha256:f27e6df1576bf838e7f484d4ae5cba92114497ca30afb917056bf1ea33e95675 \
    --hash=sha256:f413629de94d38a7a2ad259697a6752526143cb49c2e2d7bdba19381c80693f6 \
    --hash=sha256:f59a3912858d0609c26054aa1c474847c797937f5e0e1c77f0d3f08032e50f09 \
    --hash=sha256:f8122cfdd0bc0ba843063effa22ac310bdebdb3a1319bf1e63f14baa119c72ab \
    --hash=sha256:fd7f75a2e23288ee82ee965a952473d9c5447c2cbc1afc94be09d2402201774e \
    --hash=sha256:fd81241f4cd76fb18d481e87b9688b30a0cb5c30841730513323ba1c7aba1837
    # via
    #   -c interop/pydantic-ai-native-2026-10-02/requirements.lock
    #   -r interop/pydantic-ai-native-2026-10-02/requirements.in
idna==3.20 \
    --hash=sha256:a7db850025b95ded1eae8a46181a1a6c56c92c96f0e2b005d9ff8dc0210cab44 \
    --hash=sha256:ab7ae7122974553370f0bdb919e1a960b2cd1bc1ef0276416d896db81c14582c
    # via
    #   -c interop/pydantic-ai-native-2026-10-02/requirements.lock
    #   anyio
    #   httpx
    #   httpx2
iniconfig==2.3.0 \
    --hash=sha256:c76315c77db068650d49c5b56314774a7804df16fee4402c1f19d6d15d8c4730 \
    --hash=sha256:f631c04d2c48c52b84d0d0549c99ff3859c98df65b3101406327ecc7d53fbf12
    # via
    #   -c interop/pydantic-ai-native-2026-10-02/requirements.lock
    #   pytest
logfire-api==5.1.1 \
    --hash=sha256:3b0b6130ff43fe3570aaaa86ca4db9527c697f11c30157a644a41e702987eb8b \
    --hash=sha256:8fd4f452c4b9267bf184a645208e71430ea3d202c412b2fc573f091842215659
    # via
    #   -c interop/pydantic-ai-native-2026-10-02/requirements.lock
    #   pydantic-graph
opentelemetry-api==1.45.0 \
    --hash=sha256:711ede81773c8025c2c03dac0450bc89f3d30aea6eabcc815c570d4e35a963f7 \
    --hash=sha256:80e068aba7cd56c8b58512d6a36f8d25cb1dfaa0c0a4cc1c938ccf9f362d9cb3
    # via
    #   -c interop/pydantic-ai-native-2026-10-02/requirements.lock
    #   pydantic-ai-slim
packaging==26.3 \
    --hash=sha256:94edc256424af38762eb31306eed28beb9f0efc50a8837492c9d6fd6004aed79 \
    --hash=sha256:d7193f7c8e4e93f444fde0262bf90af30e16fa0ad0ad44cb553c87339b23cd1c
    # via
    #   -c interop/pydantic-ai-native-2026-10-02/requirements.lock
    #   pytest
    #   wheel
pluggy==1.6.0 \
    --hash=sha256:7dcc130b76258d33b90f61b658791dede3486c3e6bfb003ee5c9bfb396dd22f3 \
    --hash=sha256:e920276dd6813095e9377c0bc5566d94c932c33b27a3e3945d8389c374dd4746
    # via
    #   -c interop/pydantic-ai-native-2026-10-02/requirements.lock
    #   pytest
pycparser==3.0 \
    --hash=sha256:600f49d217304a5902ac3c37e1281c9fe94e4d0489de643a9504c5cdfdfc6b29 \
    --hash=sha256:b727414169a36b7d524c1c3e31839a521725078d7b2ff038656844266160a992
    # via
    #   -c interop/pydantic-ai-native-2026-10-02/requirements.lock
    #   cffi
pydantic==2.13.5 \
    --hash=sha256:346a034f080da3755d8e9cb5e00e8b07de1d39e4f6e2c87d8ab7cafa0b269a73 \
    --hash=sha256:51a9c5f7b2f8e636f04c6cada605d9b6a3bf1348fdf945a3d8869b19bba0ee08
    # via
    #   -c interop/pydantic-ai-native-2026-10-02/requirements.lock
    #   genai-prices
    #   pydantic-ai-slim
    #   pydantic-graph
pydantic-ai-slim==1.68.0 \
    --hash=sha256:38edda1dbe20137326903d8a223a9f4901d62b0a70799842cae3c7d60b3bebd2 \
    --hash=sha256:c3234c743ab256c7f26aecb2296428a55ae3db9f9ebb8d725941cae887e8e027
    # via
    #   -c interop/pydantic-ai-native-2026-10-02/requirements.lock
    #   -r interop/pydantic-ai-native-2026-10-02/requirements.in
pydantic-core==2.46.5 \
    --hash=sha256:013d6f3483d81e02e7c328831808f336c8596ee33b4bd4026b9ffb1e960b8942 \
    --hash=sha256:03b9666e41e35d8909852ba191a0607520f81b74eaf12ccf8737005dbb313821 \
    --hash=sha256:045ab3b6d308439e32b81cc173bba5b9018bc6ed896afd0c65b3b009b1699af5 \
    --hash=sha256:0bddb4020d8f04175865ccd17eff3040874fc11fb593f424edb452653b4b947c \
    --hash=sha256:0cdbada856a1c69a7624a64d3d9aefe79300bd6ef827b43a4f265010b9b55184 \
    --hash=sha256:0fc5be0abd4a407e200d844b404e33639a554e7bd0d448e7b9ae181be4789ac2 \
    --hash=sha256:10416c15b8839ecc4ef4d0885da76da6fd0f67333a0eb8aff6d93c4b8f2910fc \
    --hash=sha256:15f4a94963c95accac15b7b657bb177d3ad82bb90b0d0526d9a9b85079925db5 \
    --hash=sha256:18a09e1e1011b462f2e32774f25859ef1223d5c2b0546a633cf56654710721e0 \
    --hash=sha256:193375f3548919d3f0b60936ca113ada3e38f264f91b9b8e0508efaad57be931 \
    --hash=sha256:1a353f84de772f423b5ffb11d7ae352fbbef0f446f3c0b0af0f8236d7233606e \
    --hash=sha256:1e449def1945a462c464331254e5a44fca7c3b4f9aedf59ec2f50f8066dd8e25 \
    --hash=sha256:1e5aad1220a1192c42341c8fd4a8686657e73ab2a920c970bdc4de334fe3193d \
    --hash=sha256:200aa3dc9f8d54f0754f43247c0bad0999fdcfbfd2488384dd44f37279271fe6 \
    --hash=sha256:2471fd51c61c610e1dcf7de44d7299283661654d11264ab4802b303368d69c47 \
    --hash=sha256:24922243639cbdac66c75fcb6fd6495a9cb52b213d62f9a0d16f0310b1ff8038 \
    --hash=sha256:28a6a556cd3b6066bea827857f9d9cce027c96f776e512f544a581f9e42161f8 \
    --hash=sha256:2bc9419666990c06d7397831f2126a1ecc3594aaa3ff7de5bf2d066802f4e07b \
    --hash=sha256:2cbd9a5eff05e51c447c34dfa4632145b26b09120cf04bd0c871e44c1a5e1c9a \
    --hash=sha256:2d330aaba8621b1edcec8ae2c4050f63b84ccf6d98723a8f212e9684713abf0e \
    --hash=sha256:2d5d76654becf5efd62c9e51c3756c67b49498b0c9a40884934c40807adbd074 \
    --hash=sha256:337639ba62a11acde6ef3aeb08c8ea755f8ef1fe5e513356c0f36a2b0d7568b0 \
    --hash=sha256:347ec774390c87326a2e4929d58d3f7e8763a104d5d35f4cd595a4c952366433 \
    --hash=sha256:356c8368cbc321050b169595683a2e1d63413b1e0e2868b330af9fc14c616d3f \
    --hash=sha256:37ae34309d7bd8c0d61ab839668058f2a7962ea1fc51d105d2db228fe0618034 \
    --hash=sha256:37ea7b83c935e5b0d68c9449b82651accf78a10828b2c02b2f2d9e9496446c21 \
    --hash=sha256:3a3e26b6a8274211bddee2d0e4d0d42778f17a34510f49d2ec44b58abfc41736 \
    --hash=sha256:3aa166e99c4f2985407fb8714aebede877ecb5455cf321b606adca926d30d5a0 \
    --hash=sha256:3d2652072b2d774947ba5cf78a9e59644ac62ee572daf6dd2e1dfe905e15b2b7 \
    --hash=sha256:40375c2d05acec10323e45dfe2077ac44bc74659008614af5069034e2cfc781c \
    --hash=sha256:413a717a410d0c817ef5b786a059415550b3794e1d0c2abffd9efb93a3d9f7b4 \
    --hash=sha256:46c25dda9d092a06c08db76ffe0a197107904d0dfac653f7d5306bbcd6d6119c \
    --hash=sha256:49776eab08766a08dfff7012f8b422dcd7e25e43b316eedf0477c24fcfa84b7c \
    --hash=sha256:4d44cf99ddebf875f9b68cc267aa684c99b7b44fe63ee1cac4ec163807290069 \
    --hash=sha256:4dedce55295becb61921e386b99d4f2706045306e7fa52249a33004c837379fb \
    --hash=sha256:4f8507560a9284e1370bb048ed4282012fbef4e8d109875b95e884d228552061 \
    --hash=sha256:4fdc8b93a41521988916eeaa271173fcca7fa0803d62f87675aac8dcec1c8e29 \
    --hash=sha256:5086029a57366b8cf81b130a43908738095c270c21a8d7f0e8bdfdb89718e2f3 \
    --hash=sha256:52e24eacdb536cade636aa90fb851835222becff8484b7001fdc78cb0290f2aa \
    --hash=sha256:53feb344243bb9510a9dec7bf3cf1b64d88a98af5dc7872a5160465f8b198c8e \
    --hash=sha256:545f26c504b27c3758439a5e6d9349931f0a04f855668d5fe323c89e82300a38 \
    --hash=sha256:54d510bac3ee52247af28ed4bb18a1e799f040ac60fd2bf5ccd4c92f1fbe786f \
    --hash=sha256:5cb482e9e84c851f4e623fe4acc1ced89168cf1fe18f7089db4548c8f5bbb65b \
    --hash=sha256:5e81740c09e310f5aa5cbd3e434a01c154d4bef93241c7877b39f211d2b78ba8 \
    --hash=sha256:5ee239d575f80b08eca11f6e20f90c4c695de7825c67eefe6091fbf20dda648e \
    --hash=sha256:5f194189415698233dd1114a093a9b56e61e2c57e11b469be3b0506f46f0771c \
    --hash=sha256:5f93c5fe914d75fbec9a49209b00da5f08e9e467d69da2b1510c81940cfd10be \
    --hash=sha256:657b40d6240c0a7b6a64b30f22d1e3aa631c7e846c621b0c0f6d1d75e2e15ea6 \
    --hash=sha256:6d30e1a4f138b8951063e9a394752a9179b51da288ffa507b1e659222f4c1793 \
    --hash=sha256:6f7b393a8b3da82f5c1fc0751e6d01ac6c55b93c18226a60bdfba4a724efafd1 \
    --hash=sha256:701b2e04b560eeb4bddf7a25ab8ca476176e34fdbd9a0e18196f0d12d4685f0b \
    --hash=sha256:771cf63ae0b1b50dd22e5f3e3549fab5f3f4ff1635d352a9e1a97fe01c7b2e64 \
    --hash=sha256:79bdfa52f843137045b2d081cc05c120ba6665d29b7559c2c47690906f39279f \
    --hash=sha256:7ac031912d54f3d83ef3b3eb98dfabc1608802e2202263d25957eeed40b94761 \
    --hash=sha256:7b0fc826b16c55e561e5d2a0c5c77b051ba1d92808118c4e4b5390f5e0cf191d \
    --hash=sha256:7c6be839a5a8312626b32029a415644a0846b420bc8b52b95b28cd92da162168 \
    --hash=sha256:816ff0a6550ffc06c098ccd2e0698600f9aa7da192a79eaa6f9af504a35db869 \
    --hash=sha256:82a36973cf8a2ef5406f4fe2edbf8ed0c99629535d959e0b100c76a32535a111 \
    --hash=sha256:837b396ca3d7b74091ca623f6cbd8351bd42d670a79c2683e79fb089f06a2de5 \
    --hash=sha256:850a08d167dde16db8702c274f320c7be9d7da6f6dff2b58b18f9e815bd94f5b \
    --hash=sha256:8816f3d218beb4b787de5c9759c259b8fa61f9dec42dc7811f320a33771778b7 \
    --hash=sha256:892a881d5f68c2b9ea304b7a6c2c60d9343df578a311b0f86b94bc8f1ffe8129 \
    --hash=sha256:895395f8918627b04efb1ad2a4cf605387143300ba03304cd1dfa6d03f5e095e \
    --hash=sha256:8b10e3e8fd7ddc2bd915848a2768e44c15b22936f1cc54c462ad1164deb02655 \
    --hash=sha256:8e24d8f05fa2d28513d94e877e9c75ad66175376209b3977f916e240e623193c \
    --hash=sha256:8feeac04b5794e513e710af2f9c87d49f31a6dc47967bb264a1fed61a8989bec \
    --hash=sha256:9432f3598db432cb51c5b37fdbf29a60fcccc79e30d37a05022776a6bc4ab689 \
    --hash=sha256:976e1128455aa595ea04c79ccfedff1aaeab96ee013fcc916bed120c4f0ad94f \
    --hash=sha256:978e7b97d4824b5be09c69fb70507cbde3b0323fc147332ca40a94d9a6a0ebbf \
    --hash=sha256:97bf8de4d541598c94a59344eeb988a94c08ff76b5723c41f6567ec18c7892ea \
    --hash=sha256:97cf3eb53a8cccacf9d46686a0926186c9bfb5574f2ed66d3639d5fe117cd3a9 \
    --hash=sha256:9b68938dd5b0c783d88ff8e2dcc69451b5eb936fe212d516b21b9d5567f6d464 \
    --hash=sha256:9c4b71f10dd532fb7a5cbc8f58707779e64f03a258c2bf8bfbaecfcd9970b519 \
    --hash=sha256:9f47b8a949e60f027f0aa0a6f6c7b7e9c55cbf4380d10b344e282fa4e7ab1e1b \
    --hash=sha256:a1dee1b804ff4d11c663636cf15d2ea47e9f79cd56c033fb1cbf08924842a48f \
    --hash=sha256:a2468d93d181667a7abd66e1b64bb9f76f361b0fef8faddf687456453576f5ee \
    --hash=sha256:a2a5e1d0ff29adddc9f6d6821a66302e4493f8ca898b715b6b1182c2c201ea0a \
    --hash=sha256:a39ac25a9a2fa4072efdb429833c4a4c8009a51ff9eea3eeae131713cd27991e \
    --hash=sha256:a445486499897b88a7d6c310c88ed64dd37b1b59bfd7ae9107490bbb362f47d6 \
    --hash=sha256:a91c17edf6eea2402cb5457b4c89e99bc5ed1004aa34c4adf1d4258c1a5c22c2 \
    --hash=sha256:ab4b66edffb32d9e951efb3814bd104b8367a7501b81b955cacb5726d897389f \
    --hash=sha256:aca6c767f552b21b10f774aeac128e828eafb796adfa1b666a18bf6321453c3a \
    --hash=sha256:acf8a67ba51f4ca9ddbd0e6b3000a65ac51ab734661778b3e7ba64d99a710f2f \
    --hash=sha256:b10ec717381bdbfafef34607824db4c91de69ff085e4fca3b2af91b4fa17e68a \
    --hash=sha256:b49924c73a235e969511bf2aabdff3beebf9820931f646c80274d5d780010c47 \
    --hash=sha256:b6acfb46a814762367fb7ba0828b0a17d441b92ce249a0e007474c9072662dda \
    --hash=sha256:b7ca9034437b6022f941f4857459562ee00a560b97e7cce8a0ec5a74fc6766e0 \
    --hash=sha256:b98134087d9de723658d17a42c7d0da8d6e2ef08015dee7dc93889047315f5e4 \
    --hash=sha256:b9fe6fb92520e3fd61f2e49000b6911b188824f089b75973ea06d6267f0b476d \
    --hash=sha256:bce57638e08ac148e5778cce7feb968307a727d66f8e2274a543d0cf0c9ad6a3 \
    --hash=sha256:c14ad3bdc85ee7f318742c457ca3968a92126d144b15721c759033bfb06296c2 \
    --hash=sha256:c1c43ad4339643d70ebb8124e1305a7dab423001eff58bb41a0f731adbc98355 \
    --hash=sha256:c3471e5c4a949c26ec00a77f01df59096aa9495877de76fd60a980f8ee6be461 \
    --hash=sha256:c583b927a8838dab890706a6fa7573fbb8b70e24000ef9f7238e2d6f6435a5ed \
    --hash=sha256:c76fe65e607be28c7fd4d56fc3c42b1583aa058ce3408b7ad0fd540171d31f9f \
    --hash=sha256:c7ea57fc63aa7da93a1bd2d644e6577befae10c52c4e36377635eea1056a74f5 \
    --hash=sha256:cd5214352ae68f3b5e9af7768bdc5253695ee069675db3480518420b3be881f2 \
    --hash=sha256:cdbb78909f52b981d3b2d56b97328d71eb0b974c36bd77c920123a7ebb192829 \
    --hash=sha256:cdc8b74ecc48c0cb1e9607a05ec4e9e88db60a19ffcc9a1d5f9088ede40c8dc0 \
    --hash=sha256:d0a24b40877af2de4950252be9d21eaf7fb07660f3c2cae1f56c6b599ada5266 \
    --hash=sha256:d22a945598fb91236b4dd793a6e42e4f3dd7740bb5aace5ebd7d4c08d13bb575 \
    --hash=sha256:d2f9fc07a8042a8f95925b35c4f04f469707c981fc33245b6ca187cf5d2dd290 \
    --hash=sha256:d625a186a65201c23a9e3b8ed9c47e90a026e03256608cc91851c6709096844f \
    --hash=sha256:d925f3d9afd05a8c0fb3a1031463a8d59ebe5e2afad297e29c78be19e13b4e62 \
    --hash=sha256:e64e88d5585bea9ce95861079de72006c7fa6d3df4e3a3b65ba31eb979c15c9f \
    --hash=sha256:e652ab17569c94bff5475520f907b7148b8c24036a8ebbe5cf7cf7493d28579a \
    --hash=sha256:e7b891faeedeafba41b2983e5001a81b6a915b69544c7e7570d1989ce1c36ac7 \
    --hash=sha256:e80675d75ae2cd14372cb65cad5400d9347a3d3f6c13000183f22dfd027283ed \
    --hash=sha256:e9c134bb666dd54b778b9fc0d2b50cbb7f979b9e3716f26a88c9ab3b6fc1dd0f \
    --hash=sha256:eb7d8d0e5886a89a55d2eef490e272fa965a9d57c6b29a5b5088a7997ec2cad1 \
    --hash=sha256:ecb42011e12ee19cafbc312887cbf3546959fe02fbad44f272d4be5baa997615 \
    --hash=sha256:ef3fbbf161dc9351a2fe0422e51b129f9e97e42385bd0320b309c15f7d287dd8 \
    --hash=sha256:efd62a42486f1bda5d24cb4f63d15a3c7768375fe83d36f9417b4ad7a2fb20b3 \
    --hash=sha256:f077d0b97ab11fa7dcc633fca53515f290bca8a8a633e966d5b6d1879d9ed01a \
    --hash=sha256:f332f0e72a5a0400141f830744e141bf9f97917878dbe968669e8a7fefea78ff \
    --hash=sha256:f7b0ec93a2893de856652154d73b7ba622f26fa97726487dcac373de5f4c6084 \
    --hash=sha256:fa10ef4112775900e7a0661068635eb67b2ab824fbde764de6e0e21982a93db0 \
    --hash=sha256:fc5d783bd4a2387e97b8a2d5ec781cfb92b3d893bf82370548e99db5915935d3 \
    --hash=sha256:fc8515076c11f3cfdf4fb142dcca0fe384b1230a3b5415458ac84f3e0903ec13 \
    --hash=sha256:ff218293c9c806138dca139765e3b067621be52bcd93cdc14c7711be7ddc90a9
    # via
    #   -c interop/pydantic-ai-native-2026-10-02/requirements.lock
    #   pydantic
pydantic-graph==1.68.0 \
    --hash=sha256:a563291109c3efb69fe7553f20b164651fe98680252e8f07a3cd9a1db2f8a879 \
    --hash=sha256:fa48d15659e9514393f0596f62a0355783309e725deedb14d8f3e68fccf3974a
    # via
    #   -c interop/pydantic-ai-native-2026-10-02/requirements.lock
    #   pydantic-ai-slim
pygments==2.21.0 \
    --hash=sha256:2363c69b61c4a97c838da3b130dcd6468f4848992b21a82f2a63ec34377137d9 \
    --hash=sha256:610ca751c9bc2492b38eb9a38a7fbc93edbbb2d7182edaf34e66ae493dee5c8c
    # via
    #   -c interop/pydantic-ai-native-2026-10-02/requirements.lock
    #   pytest
pytest==9.1.1 \
    --hash=sha256:1088fbde8f2b49d95a549a195707afa7a76a3ce9bcadc26b6d71f0ffda5fe313 \
    --hash=sha256:37a86b45efb9a47a61a36449063e8e18d0cab3161329fc099eb21783169c4f0c
    # via
    #   -c interop/pydantic-ai-native-2026-10-02/requirements.lock
    #   -r interop/pydantic-ai-native-2026-10-02/requirements.in
rfc8785==0.1.4 \
    --hash=sha256:520d690b448ecf0703691c76e1a34a24ddcd4fc5bc41d589cb7c58ec651bcd48 \
    --hash=sha256:e545841329fe0eee4f6a3b44e7034343100c12b4ec566dc06ca9735681deb4da
    # via agent-evidence-observer (pyproject.toml)
ruff==0.16.10 \
    --hash=sha256:1dfc6f0088149fb6a362c1c446bcbb3fd2157b3852fe2fa68409276eab9ad9b3 \
    --hash=sha256:25a65fe998c4e6861ec079ada5826a2fc605e6cbccbe9dcd7fac1f54e791621b \
    --hash=sha256:2a12e01cb9156c10c466f63b46eaae5ecea28dfbd21b5836353ae498e7d1349a \
    --hash=sha256:3031a4a2e8e7b8a46f70be45f198c35a11ece509a94b80334d8d397a33c67550 \
    --hash=sha256:3e70175e29cc94c26ea296c80e470180b744b7419026898e58f520c6ab32578e \
    --hash=sha256:488b0fe3f3574210e5cf80d9f59b9e3ab17a127a8155de3f307b392589cfb511 \
    --hash=sha256:494401c86df4c4c25f69b9419605d944467ee98c42fb6ad405ef4fa40b8fb67d \
    --hash=sha256:6553498afc35f580f036030795810b9e6bcea31604b0fd9e8d352795473042e3 \
    --hash=sha256:7ae7375f803b5520dc9f546bed7e3a0acb70b91812e9bb4b19927de22f25b77d \
    --hash=sha256:92e59a70bcbd9d3a5483656da906ec28edfdacfce00afd99edb8b4e9d15644be \
    --hash=sha256:97f2015c92aa97105b0eab19eb5d224884399281cfc5da86a92db4ab5e7fb2ca \
    --hash=sha256:a3b8471dea115d37f123882be852bed13403746d3a76c11de4a19ec5f9ff5a03 \
    --hash=sha256:bc2610fb269fa56dd8a68669ae470fa6272902668c0fc2ebc3aa112b2633d5b8 \
    --hash=sha256:bd83d1235a5258d318477bc5b576303974cbdef5df0c01a1bff14efcc23bd12a \
    --hash=sha256:d203abc0ff2b773ee33d00ab8df0bb67046fbc7c07b119332f08b9b345cf8221 \
    --hash=sha256:e748ff95c934c4e978783b8e687bc174e7bd84e8ad24e3243e1ecfcda5e0282d \
    --hash=sha256:eff4728c4eaae93f0955cd264d24b2ab348e74bf59986ccf282ba6dc16b3b017 \
    --hash=sha256:f33f43a864a8483eebd160e713336c8bab02c934feaff0a33cf5ccb41546d09a
    # via
    #   -c interop/pydantic-ai-native-2026-10-02/requirements.lock
    #   -r interop/pydantic-ai-native-2026-10-02/requirements.in
setuptools==84.0.0 \
    --hash=sha256:51a52592b3b99e102b609654876bd65f19f999935166d1352678931132b0c670 \
    --hash=sha256:f4695c21257f0d9b537ec2692c941d02ee143b7cc1276941349a546573b2ef73
    # via
    #   -c interop/pydantic-ai-native-2026-10-02/requirements.lock
    #   -r interop/pydantic-ai-native-2026-10-02/requirements.in
sortedcontainers==2.4.0 \
    --hash=sha256:25caa5a06cc30b6b83d11423433f65d1f9d76c4c6a0c90e3379eaa43b9bfdb88 \
    --hash=sha256:a163dcaede0f1c021485e957a39245190e74249897e2ae4b2aa38595db237ee0
    # via
    #   -c interop/pydantic-ai-native-2026-10-02/requirements.lock
    #   hypothesis
truststore==0.10.4 \
    --hash=sha256:9d91bd436463ad5e4ee4aba766628dd6cd7010cf3e2461756b3303710eebc301 \
    --hash=sha256:adaeaecf1cbb5f4de3b1959b42d41f6fab57b2b1666adb59e89cb0b53361d981
    # via
    #   -c interop/pydantic-ai-native-2026-10-02/requirements.lock
    #   httpcore2
    #   httpx2
typing-extensions==4.16.0 \
    --hash=sha256:481caa481374e813c1b176ada14e97f1f67a4539ce9cfeb3f350d78d6370c2e8 \
    --hash=sha256:dc983d19a509c94dba722ee6abd33940f7c05a89e243c47e907eb4db6f1a43e5
    # via
    #   -c interop/pydantic-ai-native-2026-10-02/requirements.lock
    #   anyio
    #   opentelemetry-api
    #   pydantic
    #   pydantic-core
    #   typing-inspection
typing-inspection==0.4.4 \
    --hash=sha256:547274fa6b0a561ccf549cc9524b999a578e737d015d8709d021f9d0d13bea47 \
    --hash=sha256:65b8397ba37ccbce054456aaccddfc91e6e3083c92824df348d96ca832f3f147
    # via
    #   -c interop/pydantic-ai-native-2026-10-02/requirements.lock
    #   pydantic
    #   pydantic-ai-slim
    #   pydantic-graph
wheel==0.48.0 \
    --hash=sha256:3217dcc807155e45db462d7ef2431f5ddda0d7273b700d05a67b271ceb1287ab \
    --hash=sha256:94800765601e9171bf5d58d066e640662842bcedcbab982b2c90787a2c987322
    # via
    #   -c interop/pydantic-ai-native-2026-10-02/requirements.lock
    #   -r interop/pydantic-ai-native-2026-10-02/requirements.in
