# This file was autogenerated by uv via the following command:
#    uv pip compile --generate-hashes --python-version 3.10 -o distribution/adk-current/tox-tools.lock -
cachetools==7.2.0 \
    --hash=sha256:3045213f186b89fdd95d94441354c4bd87c570b7a38d8c3fd1d9dd37f6dc90d8 \
    --hash=sha256:bcac1a1b8da6909994a2957238a57b8140dab7c5c5c69a43669654fe87a33c1d
    # via tox
colorama==0.4.6 \
    --hash=sha256:08695f5cb7ed6e0531a20572697297273c47b8cae5a63ffc6d6ed5c201be6e44 \
    --hash=sha256:4f1d9991f5acc0ca119f9d443620b77f9d6b33703e51011c16baf57afb285fc6
    # via tox
distlib==0.4.3 \
    --hash=sha256:4b0ce306c966eb73bc3a7b6abad017c556dadd92c44701562cd528ac7fde4d5b \
    --hash=sha256:f152097224a0ae24be5a0f6bae1b9359af82133bce63f98a95f86cae1aede9ed
    # via virtualenv
filelock==4.0.9 \
    --hash=sha256:635e7d67fa92654eed444e75e9ca18426d34e77ad9c469bf4373f75a932f7b22 \
    --hash=sha256:9287fd61b99a806e5202be29a83034c0808a1b9830e820537c2f5773981f7eeb
    # via
    #   python-discovery
    #   tox
    #   virtualenv
packaging==26.3 \
    --hash=sha256:94edc256424af38762eb31306eed28beb9f0efc50a8837492c9d6fd6004aed79 \
    --hash=sha256:d7193f7c8e4e93f444fde0262bf90af30e16fa0ad0ad44cb553c87339b23cd1c
    # via
    #   pyproject-api
    #   tox
    #   tox-uv-bare
    #   virtualenv
platformdirs==4.12.2 \
    --hash=sha256:29dbf06d96c500bc6bdbce75fb0a14d63279c93b1842f97e72a135b33e856983 \
    --hash=sha256:eab5f70271a490ef74618bb314fbb86e3c7e82fa3b9c922c2ea0e0a1a155d329
    # via
    #   tox
    #   virtualenv
pluggy==1.6.0 \
    --hash=sha256:7dcc130b76258d33b90f61b658791dede3486c3e6bfb003ee5c9bfb396dd22f3 \
    --hash=sha256:e920276dd6813095e9377c0bc5566d94c932c33b27a3e3945d8389c374dd4746
    # via tox
pyproject-api==1.11.2 \
    --hash=sha256:69040bb421a3d502217bf9d5f92a94e65e1db3fe25b641d6064b2b5b9880428b \
    --hash=sha256:7bff8690a101f5f0bac3221475d214018f196ae5eea3af9c9879f4d682a3fd60
    # via tox
python-discovery==1.6.1 \
    --hash=sha256:cf87d3627dfb4412437fdd5b13eae402607722998d21567993aedbc59b23c15e \
    --hash=sha256:d43fcdef879fe795352bd13ccf8d185ba5a9f86f36cfcd00529f596e737442b3
    # via
    #   tox
    #   virtualenv
tomli==2.4.1 \
    --hash=sha256:01f520d4f53ef97964a240a035ec2a869fe1a37dde002b57ebc4417a27ccd853 \
    --hash=sha256:0d85819802132122da43cb86656f8d1f8c6587d54ae7dcaf30e90533028b49fe \
    --hash=sha256:136443dbd7e1dee43c68ac2694fde36b2849865fa258d39bf822c10e8068eac5 \
    --hash=sha256:1d8591993e228b0c930c4bb0db464bdad97b3289fb981255d6c9a41aedc84b2d \
    --hash=sha256:2190f2e9dd7508d2a90ded5ed369255980a1bcdd58e52f7fe24b8162bf9fedbd \
    --hash=sha256:2c1c351919aca02858f740c6d33adea0c5deea37f9ecca1cc1ef9e884a619d26 \
    --hash=sha256:36d2bd2ad5fb9eaddba5226aa02c8ec3fa4f192631e347b3ed28186d43be6b54 \
    --hash=sha256:3d48a93ee1c9b79c04bb38772ee1b64dcf18ff43085896ea460ca8dec96f35f6 \
    --hash=sha256:47149d5bd38761ac8be13a84864bf0b7b70bc051806bc3669ab1cbc56216b23c \
    --hash=sha256:4ab97e64ccda8756376892c53a72bd1f964e519c77236368527f758fbc36a53a \
    --hash=sha256:4b605484e43cdc43f0954ddae319fb75f04cc10dd80d830540060ee7cd0243cd \
    --hash=sha256:504aa796fe0569bb43171066009ead363de03675276d2d121ac1a4572397870f \
    --hash=sha256:51529d40e3ca50046d7606fa99ce3956a617f9b36380da3b7f0dd3dd28e68cb5 \
    --hash=sha256:52c8ef851d9a240f11a88c003eacb03c31fc1c9c4ec64a99a0f922b93874fda9 \
    --hash=sha256:559db847dc486944896521f68d8190be1c9e719fced785720d2216fe7022b662 \
    --hash=sha256:5a881ab208c0baf688221f8cecc5401bd291d67e38a1ac884d6736cbcd8247e9 \
    --hash=sha256:5cb41aa38891e073ee49d55fbc7839cfdb2bc0e600add13874d048c94aadddd1 \
    --hash=sha256:5e262d41726bc187e69af7825504c933b6794dc3fbd5945e41a79bb14c31f585 \
    --hash=sha256:5ee18d9ebdb417e384b58fe414e8d6af9f4e7a0ae761519fb50f721de398dd4e \
    --hash=sha256:7008df2e7655c495dd12d2a4ad038ff878d4ca4b81fccaf82b714e07eae4402c \
    --hash=sha256:734e20b57ba95624ecf1841e72b53f6e186355e216e5412de414e3c51e5e3c41 \
    --hash=sha256:7c7e1a961a0b2f2472c1ac5b69affa0ae1132c39adcb67aba98568702b9cc23f \
    --hash=sha256:7f86fd587c4ed9dd76f318225e7d9b29cfc5a9d43de44e5754db8d1128487085 \
    --hash=sha256:7f94b27a62cfad8496c8d2513e1a222dd446f095fca8987fceef261225538a15 \
    --hash=sha256:88dceee75c2c63af144e456745e10101eb67361050196b0b6af5d717254dddf7 \
    --hash=sha256:8a650c2dbafa08d42e51ba0b62740dae4ecb9338eefa093aa5c78ceb546fcd5c \
    --hash=sha256:8d65a2fbf9d2f8352685bc1364177ee3923d6baf5e7f43ea4959d7d8bc326a36 \
    --hash=sha256:96481a5786729fd470164b47cdb3e0e58062a496f455ee41b4403be77cb5a076 \
    --hash=sha256:a120733b01c45e9a0c34aeef92bf0cf1d56cfe81ed9d47d562f9ed591a9828ac \
    --hash=sha256:b1d22e6e9387bf4739fbe23bfa80e93f6b0373a7f1b96c6227c32bef95a4d7a8 \
    --hash=sha256:b8c198f8c1805dc42708689ed6864951fd2494f924149d3e4bce7710f8eb5232 \
    --hash=sha256:c2541745709bad0264b7d4705ad453b76ccd191e64aa6f0fc66b69a293a45ece \
    --hash=sha256:c742f741d58a28940ce01d58f0ab2ea3ced8b12402f162f4d534dfe18ba1cd6a \
    --hash=sha256:c7f2c7f2b9ca6bdeef8f0fa897f8e05085923eb091721675170254cbc5b02897 \
    --hash=sha256:d312ef37c91508b0ab2cee7da26ec0b3ed2f03ce12bd87a588d771ae15dcf82d \
    --hash=sha256:d4d8fe59808a54658fcc0160ecfb1b30f9089906c50b23bcb4c69eddc19ec2b4 \
    --hash=sha256:da25dc3563bff5965356133435b757a795a17b17d01dbc0f42fb32447ddfd917 \
    --hash=sha256:eab21f45c7f66c13f2a9e0e1535309cee140182a9cdae1e041d02e47291e8396 \
    --hash=sha256:eb0dc4e38e6a1fd579e5d50369aa2e10acfc9cace504579b2faabb478e76941a \
    --hash=sha256:ec9bfaf3ad2df51ace80688143a6a4ebc09a248f6ff781a9945e51937008fcbc \
    --hash=sha256:ede3e6487c5ef5d28634ba3f31f989030ad6af71edfb0055cbbd14189ff240ba \
    --hash=sha256:f3c6818a1a86dd6dca7ddcaaf76947d5ba31aecc28cb1b67009a5877c9a64f3f \
    --hash=sha256:f758f1b9299d059cc3f6546ae2af89670cb1c4d48ea29c3cacc4fe7de3058257 \
    --hash=sha256:f8f0fc26ec2cc2b965b7a3b87cd19c5c6b8c5e5f436b984e85f486d652285c30 \
    --hash=sha256:fd0409a3653af6c147209d267a0e4243f0ae46b011aa978b1080359fddc9b6cf \
    --hash=sha256:ff18e6a727ee0ab0388507b89d1bc6a22b138d1e2fa56d1ad494586d61d2eae9 \
    --hash=sha256:ff2983983d34813c1aeb0fa89091e76c3a22889ee83ab27c5eeb45100560c049
    # via
    #   pyproject-api
    #   tox
    #   tox-uv-bare
tomli-w==1.2.0 \
    --hash=sha256:188306098d013b691fcadc011abd66727d3c414c571bb01b1a174ba8c983cf90 \
    --hash=sha256:2dd14fac5a47c27be9cd4c976af5a12d87fb1f0b4512f81d69cce3b35ae25021
    # via tox
tox==4.64.7 \
    --hash=sha256:4e7a906f26b72fa9bf11577d02bde492c6d0ad8e690921a801893354d05d35fe \
    --hash=sha256:b8033a00945a02493adebdc337e4e45136e21a7083c00b2ae27c998370b72af3
    # via tox-uv-bare
tox-uv==1.36.1 \
    --hash=sha256:6996cb49d0b6b838ae015b76611770595cb6f658a27e2a9661766148194c18bd
tox-uv-bare==1.36.1 \
    --hash=sha256:33a08e4205c63811dd76590590718539fe87dcadda5882f164f747bd5db31a2c \
    --hash=sha256:de41cf5450b8f37837fd68834dfebef59939cd10fde030e498cd9a48db19f1e8
    # via tox-uv
typing-extensions==4.16.0 \
    --hash=sha256:481caa481374e813c1b176ada14e97f1f67a4539ce9cfeb3f350d78d6370c2e8 \
    --hash=sha256:dc983d19a509c94dba722ee6abd33940f7c05a89e243c47e907eb4db6f1a43e5
    # via
    #   tox
    #   virtualenv
uv==0.12.22 \
    --hash=sha256:0247b8795348fe16fec7d143b2e4d91a953e69644993a557bb5238b9f53b6a28 \
    --hash=sha256:02774878a9c0ddc374ff1cdb7fc2dee5cd499307223c2d2f0a730274b5794546 \
    --hash=sha256:04af20f84c122039c16a006b497ea25d4850543b3ac2bd879d96d36d9890bebc \
    --hash=sha256:0621be2adfedf7673e46a708b1c781b0e4c61e715e33b3196ad32afffcc5aef6 \
    --hash=sha256:1c45b1e544901b9eef14806ad964cd1aca49338748e3d8030e41c4aed8b17b00 \
    --hash=sha256:31096da4ffd7d532909e046cf8acb606ad8e770019404b710a58310bec073119 \
    --hash=sha256:3e1e70abbeeb85ad6589e9b8c2cee2785782a26ec220705b60ac8d3d802deb83 \
    --hash=sha256:40f6afd2a67d7ad0c58d7a05e9c0a58a30d333e924e3b9e9941af19bd044326a \
    --hash=sha256:53992ea1a64344bc887e3aec8d016488b9f185d96d881ea8e4e2a8ab0a259a39 \
    --hash=sha256:680769ef701922dd93426b73476073411941f51ac46991a6e5c5a6efbf68a713 \
    --hash=sha256:699c673c780037e19a623dd66d00c12853def679b5c8f383359012d582721870 \
    --hash=sha256:6acf7c5e4c28075c074a104953d61f48fef05e0075d9eb4180e5e6430e4eacfa \
    --hash=sha256:72516e1edef5950b556bdaf3b382f537e4249e06362378daa811a6eefc165a14 \
    --hash=sha256:82911ca7a8310181f382a8f614f00a45f0403561e2aa92aa135c1fa773b0fc44 \
    --hash=sha256:972cb556d34372f4c19f5c8bba246c92c5a8bfda3f30b2a5b8e12fddd81ba441 \
    --hash=sha256:992956578af9ec09d9c9d8967527dcf43e07b43dea8aecba74a20d37087feeb2 \
    --hash=sha256:cbfc9dab909f0e7fec63ae13e4215abd53636a5424aabc988fd4974ea124a3ad \
    --hash=sha256:daff5ceafdee5cb268b6d4e991ea150fcad5dff72b97d3e5b84d78d04fcf8482 \
    --hash=sha256:db53a974617ca520cfdbf95fbbcd9cf5ab95016d601c1ecf788295c01053b8d6
    # via tox-uv
virtualenv==21.14.5 \
    --hash=sha256:b0651e0174982bba17cc6f0aaa2ef496730cb85a3f35eb5d1119d1c904f7d1da \
    --hash=sha256:c4cb6c13e46b57225a999c7e22a09b163393878facc7ac4c059a57f46faa1647
    # via tox
