# This file was autogenerated by uv via the following command:
#    uv pip compile interop/a2a-history-boundary-2026-10-02/reader-requirements.in --generate-hashes --output-file interop/a2a-history-boundary-2026-10-02/reader-requirements.lock
googleapis-common-protos==1.75.0 \
    --hash=sha256:53a062ff3c32552fbd62c11fe23768b78e4ddf0494d5e5fd97d3f4689c75fbbd \
    --hash=sha256:961ed60399c457ceb0ee8f285a84c870aabc9c6a832b9d37bb281b5bebde43ed
    # via -r interop/a2a-history-boundary-2026-10-02/reader-requirements.in
packaging==26.2 \
    --hash=sha256:5fc45236b9446107ff2415ce77c807cee2862cb6fac22b8a73826d0693b0980e \
    --hash=sha256:ff452ff5a3e828ce110190feff1178bb1f2ea2281fa2075aadb987c2fb221661
    # via
    #   -r interop/a2a-history-boundary-2026-10-02/reader-requirements.in
    #   wheel
protobuf==7.36.2 \
    --hash=sha256:497d0463ff3316681da6c0b9e8d06cb465d61abce00b613ab42226175644d1bb \
    --hash=sha256:89f23aa53c24553a2416fd4fd1ec06f74fa42b14b546d8883128813f775bbfd2 \
    --hash=sha256:912c1221170e16c08d1f086762f563dd61ff83c18b5fa6652952dfaded66f728 \
    --hash=sha256:a300819d441e078a5608c0d3c709796bb548136058fda017ae51d425b44fd353 \
    --hash=sha256:bdb3a345d48db958e6ce1f18e508beb0cc981d64f24088427549c866cd039f1e \
    --hash=sha256:cbc70b17ee27e28894c7fee8bb04be1abead49e936bc70eb60052531eee2079e \
    --hash=sha256:e11e1f0180583a2af89db6a2ecd9e8dc40aa6d2988ca175bfd0e6d12ea72d74e \
    --hash=sha256:f4fee11ec330d238b34a05c9b675f693c20415d1c5bd7d5320cc2f8a798eb9cf
    # via
    #   -r interop/a2a-history-boundary-2026-10-02/reader-requirements.in
    #   googleapis-common-protos
setuptools==84.0.0 \
    --hash=sha256:51a52592b3b99e102b609654876bd65f19f999935166d1352678931132b0c670 \
    --hash=sha256:f4695c21257f0d9b537ec2692c941d02ee143b7cc1276941349a546573b2ef73
    # via -r interop/a2a-history-boundary-2026-10-02/reader-requirements.in
wheel==0.48.0 \
    --hash=sha256:3217dcc807155e45db462d7ef2431f5ddda0d7273b700d05a67b271ceb1287ab \
    --hash=sha256:94800765601e9171bf5d58d066e640662842bcedcbab982b2c90787a2c987322
    # via -r interop/a2a-history-boundary-2026-10-02/reader-requirements.in
