{
  "name": "probity-aps-durable-refund-controls",
  "lockfileVersion": 3,
  "requires": true,
  "packages": {
    "": {
      "name": "probity-aps-durable-refund-controls",
      "dependencies": {
        "agent-passport-system": "7.2.1"
      }
    },
    "node_modules/agent-passport-system": {
      "version": "7.2.1",
      "resolved": "https://registry.npmjs.org/agent-passport-system/-/agent-passport-system-7.2.1.tgz",
      "integrity": "sha512-x5cPp3ddycpxrS3j2BVpnfKk6zEwa3feY1NgJc/HuRql3KGvV0glgqytu/xf+urO8jZMihXDzBrjd86q6TybwQ==",
      "license": "Apache-2.0",
      "dependencies": {
        "libsodium-wrappers": "^0.8.4",
        "uuid": "^14.0.2"
      },
      "bin": {
        "agent-passport": "dist/src/cli/index.js"
      },
      "engines": {
        "node": ">=18.0.0"
      }
    },
    "node_modules/libsodium": {
      "version": "0.8.4",
      "resolved": "https://registry.npmjs.org/libsodium/-/libsodium-0.8.4.tgz",
      "integrity": "sha512-lMcYaRi0zcs7tarATsQUYC7rstliIXZuoq0c6zXSgNtSNtdvBgkSegjWhpMJAXzKX3SUSwIp7+zEsob+j3LuRw==",
      "license": "ISC"
    },
    "node_modules/libsodium-wrappers": {
      "version": "0.8.4",
      "resolved": "https://registry.npmjs.org/libsodium-wrappers/-/libsodium-wrappers-0.8.4.tgz",
      "integrity": "sha512-mu8aAWucZjTB5O/BtGXtW4e1agy7uHxNYG7zPthmmD1jU43LCDmSWZLN4JhflbdPXj3yDO4lxM1O9hLDgIOXDw==",
      "license": "ISC",
      "dependencies": {
        "libsodium": "^0.8.0"
      }
    },
    "node_modules/uuid": {
      "version": "14.0.2",
      "resolved": "https://registry.npmjs.org/uuid/-/uuid-14.0.2.tgz",
      "integrity": "sha512-xZe/16rV4aa+HGSOCiY2YeLT1OybRLrrkL/Rqaq7p7GMVXjFh+6wN4oMYgjFmnSnhY8t6Xpdl2l9qmnHYuMHwQ==",
      "funding": [
        "https://github.com/sponsors/broofa",
        "https://github.com/sponsors/ctavan"
      ],
      "license": "MIT",
      "bin": {
        "uuid": "dist-node/bin/uuid"
      }
    }
  }
}
