# This file was autogenerated by uv via the following command:
#    uv pip compile interop/aps-durable-refund-2026-10-05/requirements.in --generate-hashes --python-version 3.12 --output-file interop/aps-durable-refund-2026-10-05/requirements.lock
attrs==26.1.0 \
    --hash=sha256:c647aa4a12dfbad9333ca4e71fe62ddc36f4e63b2d260a37a8b83d2f043ac309 \
    --hash=sha256:d03ceb89cb322a8fd706d4fb91940737b6642aa36998fe130a9bc96c985eff32
    # via hypothesis
build==1.3.0 \
    --hash=sha256:698edd0ea270bde950f53aed21f3a0135672206f3911e0176261a31e0e07b397 \
    --hash=sha256:7145f0b5061ba90a1500d60bd1b13ca0a8a4cebdd0cc16ed8adf1c0e739f43b4
    # via -r interop/aps-durable-refund-2026-10-05/requirements.in
cffi==2.1.1 \
    --hash=sha256:046bfc24911b37851ee1b51aab8bffe713d89c68c6a057b09484ce9fd5f69b4e \
    --hash=sha256:06c72bb76605a4b0cd0aad6930b69d4baf7dd5d806cfc409b824191099700e66 \
    --hash=sha256:0beceaabe56af686895136a2de78db54ecd8e4046b236b8fd6d6cb61389e9bf2 \
    --hash=sha256:154852545011f779917b11c78db2358d095da62a9a172b78ad0a583ee5adc0d0 \
    --hash=sha256:194cffa889098ced9976c3fc6340305e43f6303657d298da55366907c05c22d6 \
    --hash=sha256:19ee6127ee34de7d83ce3d371ebc5ed91addbdcc39f9ab15ce4eb35a4e534971 \
    --hash=sha256:1a18a57b58cfb21fc28d72e876acf10eaed67a1ed96226f92af4df681d571c4c \
    --hash=sha256:1aa5645c30469b09530c4ebca77ebf8f17618293c58f8549cb1a543a50236e7d \
    --hash=sha256:1dea0e4d7d4f11f619fe8c1d76caf49e24405b4b5743c0e3be16a500ecd930c9 \
    --hash=sha256:208f941bb9d18e768138677f0a6d2ce01f590df56043dda1df1535ac57c88517 \
    --hash=sha256:210019b6c7cf07f081b4c54635c8cf744377001350e29cc0f81c4377b4797735 \
    --hash=sha256:246fa40ce8645a614ff682e0b70f37134e460eaf93a775e0cbe3cca585a67a80 \
    --hash=sha256:25792eac27877609e7bb06d42ff88278a6624fff2ba9bbb523c09616b117e80f \
    --hash=sha256:27350daa11d4f10c540e6e89dada4c54feb7256ad03e9a4dc075ebad7ba360d1 \
    --hash=sha256:28907ab9bfb6aa13184cfc17c6b8e1023c5ab6fd7076d8c20a35e59fe04f8f29 \
    --hash=sha256:2ae64be792b8966f2c69538199728b290e34726562896df1e5dc8ffd8d8188e8 \
    --hash=sha256:31348097ff5bbe827ccc41795d4dd099d9f0625e7def00ee653c137a490c2a6c \
    --hash=sha256:3143d81e29e1e20a9ce10901ec369012947876596f75a222235965f2b7ae832e \
    --hash=sha256:3222ba5d678f80a030e6afbcc33dc1ae5cb45facabb61cee2c7016b8432fde48 \
    --hash=sha256:3311ed60d36f83378794e1009ac6258bafbf81f7888b4caa7b35a521e3f95813 \
    --hash=sha256:334644fbac4eff73d985a17a91226df55d0f394160c4cfb880e084c8f7161cac \
    --hash=sha256:34e261f78cb6ceaaa36f42f2613f4380d94d9c759a9c73c769ee6e0247364632 \
    --hash=sha256:363e05fa78e15116c3c32c210ee36884fd6b9afa6d440e47112c3bd511d64cb6 \
    --hash=sha256:398aff33cee2767e3e781d2554c54bd0dff386bb437581e0d8011fde1a942ec1 \
    --hash=sha256:3d22a20b1fb1632cc72c22f95f7b0d2961c3e1c235f245ba4c606c4771035659 \
    --hash=sha256:42a494cee34437f05546455144f2b5d9ac09b1face62bcfce597d2e521066688 \
    --hash=sha256:42e2f76b9455f5a9a844f770bf3e200ed3da0e15f5df3db9c31fe80b04b3d004 \
    --hash=sha256:42f6930c31dc7f50732c9ae793c2786c7b6b044195967bbdde40bb9be81c4cc0 \
    --hash=sha256:456a61fa52d579ebf9df2e9552ead5129855dbaff6c1e5a9b1bc408809bdc062 \
    --hash=sha256:471cee653ae88de62096552e6d24ccb4a5adb8c8c9f10b5054d0122c15bf2779 \
    --hash=sha256:49cbc70e6542d4ccccb936558d1064a8012541e78f821f955cff24e357776c94 \
    --hash=sha256:4a7c934f7360e8cd64fe9efadcbd10c7c6364f531e432b9a4bf5ccbc9e0e8b50 \
    --hash=sha256:4be96343e422f2dfcd12ab5c9f5aebe03f82f737c6bffeca6830b3875cb44aab \
    --hash=sha256:4f42141fc14250de6dde5ee7ea4432be017252d91f19c5ad043c084cea629cac \
    --hash=sha256:507a24c282e0f42f8ed737cf048572cbf580468da5555764a8331735e9c736b6 \
    --hash=sha256:51b31d1c98274844cfd7838ce00bfc27c7423a4dc00fc0772fc3331c2cc90676 \
    --hash=sha256:58acb8ab8e295e6c5ea12f888cbb13cf21511ef2a3303a23f4325c29d17fe5c1 \
    --hash=sha256:5a59cc1c4442bc3d5c703bf720b51138d0bfc173618807c9ee2490a7541dd3d9 \
    --hash=sha256:5bb4e7ea95dcd6a014a6fef62e62467d67d8e582326443f3d68e71d6320a9fcf \
    --hash=sha256:5c58fe613dc5e5336357eff555824a314d8e43282600435c8d1cb6a7a2fedd13 \
    --hash=sha256:5e7cecbaadb83884793e05828cee59b210b24583b9c7425d0ba6a754fe22eb4e \
    --hash=sha256:616f097f2fe415bc92a247f02e11f634e1f9e9a83d327e3c915c15089c87869e \
    --hash=sha256:63bbfd5ded17c4840ac07cd8f1c21ba9d9708141f840b324f422f41b207e3973 \
    --hash=sha256:64faea20f4e2613363a1a9b9c7dd73058f3ecd00133a511e72ad7c511658f527 \
    --hash=sha256:661c298b4821edebead0c91edd2b00374d67ad7c5a1f7a91d4442633b79d6a72 \
    --hash=sha256:68e62fe11f30d5ca8289242866f0a5291402d8529ca2178ab8afc5c9694ae890 \
    --hash=sha256:6a8dddef476fab96d066d578fc88526767b836ab5ab21754e1d5bf3879c31c7c \
    --hash=sha256:6e192623c49c94421616a5778fba35cf0d5a8d000650c1967ef4448ee5cdd990 \
    --hash=sha256:7225e4514edb64eb6740324353e0da0711954fd8d7da4576755b1c6e09b697cd \
    --hash=sha256:75f80557d1389eddbd0de2681f6a390a0c5338c31ddaa821381c203fc3fd50d9 \
    --hash=sha256:770de9db11e84213beec501cfcaa013b019820ca881e03344dea5844f7876d94 \
    --hash=sha256:7750c6449dff7864bb9bb27ddfb0267756189201a3afc911d82b3caacd70dfc3 \
    --hash=sha256:7bde5e4cc5c10140859842b9d383af292b22639a4dffb725314baf45968cef80 \
    --hash=sha256:7ce713ace7c0e4520535b42b77eaa742c16dab813978064913e5a3cf82973b41 \
    --hash=sha256:7da0c5eff80f0197f3b3d1232ec5a682a9325f4ae9016a78f5f5ca35f9ced1f5 \
    --hash=sha256:7dbb61fe3a7699468030f71bbe5f8a0e326a151daa91beb11a6fc1f980c55e1c \
    --hash=sha256:811bd1e21d32de12efca32393a0ab3f5133b54fce9bd44b8bd77ab07da14bf6a \
    --hash=sha256:8ef53b2de9bcb9197d31854256575d59dbac0cba72ac627bb291ef5eceb74be4 \
    --hash=sha256:937c0052c05a31ca1daf18de3158eed4dbfcb9cc107adbea227728d647be701e \
    --hash=sha256:9d2055050ea716bd38b7f7f1579c275386646b4894c155a3e2f3cd62ed41b7c6 \
    --hash=sha256:9f8d177621de5cb38ee3e731eda45d421db093ec0739f46a5594babda7987a98 \
    --hash=sha256:a2d7755bef5a12ed488f4ef1f1b69ee9191d7396083b755a5d2295f6edb4768b \
    --hash=sha256:a48d62ab9d6f4f98c983223a547af44be6ca3691074c31cecced6facd3ba2dc1 \
    --hash=sha256:a4f00aa42f75d6e4595e8866e748cc1705adc0cddfeb2ca86d0d03993d63ba03 \
    --hash=sha256:a6e721d4b0e45d5b65e87534470e67b18dcd092c83f68fba09f152b9cbc061af \
    --hash=sha256:a730a083190634c65cca36ba5f489531576ebd79bcd5c8e172130f6453127231 \
    --hash=sha256:a931079504ecc49efed7744c476a5c343a92fabf66dec2db95edb1b2fdc770e2 \
    --hash=sha256:aa9511c62d14da7aacc9b4bf51f3f697a621e83b2d6919008243c3aad168eea3 \
    --hash=sha256:ab36d55f9ed2d067327667c2fea18dda018eb628dd6347aa01dda6cf1f5d3836 \
    --hash=sha256:ad2c86c495b899d862ea0f4b42891b8713a3bd45dd4105c7fd51c2a72f39f3a5 \
    --hash=sha256:aeae0e330c9f6acd681f647d46cefd30c29f93e3392882e792e82080c9691399 \
    --hash=sha256:b0431303acaea1089ad4b3e9ce4e6518193def1118d4073ca848635ee4ea2e96 \
    --hash=sha256:b5bdfd1c873d4e093aabc0ca84c4ca6dbc4f752afb5c86f146d9742580c9da2e \
    --hash=sha256:baed1e86cc735622097354b9d1281406caf42ff42a886d29faa8e8d1630333be \
    --hash=sha256:c1453022f490d2459a11819d83ad1d586e9ff65a12ac3e705ffebd46d3685dcf \
    --hash=sha256:c26608d2222fb1e94487e4a387d85f13eb55d5ed725cb25a0c589ac4ee60e7bc \
    --hash=sha256:c7659f22557c5a0bc4855cd635f55edec690cc008a40768527762cb9fb263455 \
    --hash=sha256:c8c69575568085ba0b1b10c0249d779a214aea6f6522e949a0fc9fb0fcb449d0 \
    --hash=sha256:c8d2c9fd1f2d16f780d15127abb050d13d1a76c03a4bd87d7e4980e45e511e12 \
    --hash=sha256:ca82be1a1d406ecfe1d25dc16cb33488e5a16bf4438c9fb590484ea29d92478b \
    --hash=sha256:cc572dace3f60ef98d7b12ff411d20f5362feb31a0439eab0085bbfd349982d7 \
    --hash=sha256:d18e5ac0f2f03f4f518d3e23db0f0cad7faa1da8620e9c09461d443bbf6e6692 \
    --hash=sha256:d28630f5854ab07ab1fd4aba756de52326c82e6be15d414b12793f1975048b54 \
    --hash=sha256:d9c275eaacd24aa73f94ffd6de08fc3f932424d8b6c376f4bed7cde376fe7bc3 \
    --hash=sha256:da0e573f9f97159390c89d9f1a9e41908b66d408cc5b58d08cf3847d844c531b \
    --hash=sha256:dd31f52ea1086513bb9df30f8fcee9b8918323ae067a3d5b78bc826a000712be \
    --hash=sha256:dddad92b554513a31f272570678ba307fb9f618f05e3d4a5eacafff9eae03e1d \
    --hash=sha256:df423d40ee8654634421812bc3b196da3f9bd7d32929da813f8394c4348a5358 \
    --hash=sha256:df913725b79db7bcf03448f36b7bf8815363417d5b58deecf9305e3e30f0f21a \
    --hash=sha256:e0bcb7e0f677f543555d2adff3bf19c05f66cdb4796e5ff602442ab2fe3c4ef7 \
    --hash=sha256:e2d65b31f36619cda3999b78b2aa9632e76b78448e7a56fc4240824200e7c4fc \
    --hash=sha256:e6e8cff14d6fb0be70a09c0bdc58096f501952d04624ebf867e0e56da2df8960 \
    --hash=sha256:f16c709686a78c727bbbf059f92b0bf41c6fc60deec706d2dc19f529175a6125 \
    --hash=sha256:f24fb43132a4c6b4cb4eb029492919b2db645be6808d738f244fd146c03c32cb \
    --hash=sha256:f53e442b08449d42821fa4a4fba000095af9f62742a500f978a9f557ec44339a \
    --hash=sha256:f5cfbc5fe74540d335175b656c725d74d90e3730c626d92575eea35029d9afaa \
    --hash=sha256:f81b3b8f3d4e343550fa4baa0e479bba9f2d29ce9c2e9b51d1ce1718d7442fcf \
    --hash=sha256:f8ec5e643a9a937f64e1999eb9f75d072263751912dc5cd06d3c85f8f44be7c3 \
    --hash=sha256:fb92203a88b3d3053034db775110081c49d28be6551923805e039924093761e4 \
    --hash=sha256:fcd22650c908d7b7da162bbfaab594a1227a15d1643a98c68b122ac642fa2264
    # via cryptography
coverage==7.16.2 \
    --hash=sha256:00d3eb96e9988c45f50cccd1f1496571ac5c1f91386ac02c4d55516eeda19a24 \
    --hash=sha256:01c6908bc613b420c26c818fe948e1b97dfd041a53c98b01c63bd8321f5c9aae \
    --hash=sha256:066429634299e14dd2d511e1e85f8f9cecc500781f6b41907c0dd6f1baea7e63 \
    --hash=sha256:0993d0e90858c03943d3cb152e068a20dd4707924deec84dd2230261baae3b1b \
    --hash=sha256:0dcbcfcc059117284c603ff8cb61a65872512882f84a8cf0339241f7f7c2f148 \
    --hash=sha256:0fd7a86fdda7cb6d616d178654bd0ad6bc0f3f33c2e478aa598500a1a9e34eda \
    --hash=sha256:11d28e9123a9156cb405d8d27b44256c9a58fb5decc2073a8f17862057e3aa0f \
    --hash=sha256:11e597173af1dc33d5f8a7332ada544199269a223af1ee1770ddd5e245ad0fe8 \
    --hash=sha256:126d1af8804d7224421fe991ff65d3ce649081560df7a98b1a5ffff07f9923bd \
    --hash=sha256:14253fc7bb15749b849795a06f5d3b6d8bc3fb8a4b5ddc341faf7a89dce205fc \
    --hash=sha256:152877cdc8a07264882cfcd503ba56a3ef6cba56a70e8c70f6eb8ffd7384789a \
    --hash=sha256:17228fbca0f22976f797be94e975dcd237799c657d49551c7de1e0654d1202e9 \
    --hash=sha256:191803c4996b499fcd78c2ad5e5f767dcc53cb4dc6de6d6a741b443a1821ef02 \
    --hash=sha256:1a37c6e478cf687e1aa30a593d19c92c02fad9d122b51ab73f51b8dc7a0c0fc9 \
    --hash=sha256:1c569a9fd25505f1cd6bea90588818f90373ce90e2632e2cacf19ddbd6e14fdb \
    --hash=sha256:1d56e4d21c56d2046447733f8b118409597db48c01efe898ee9ac24e858ec2d6 \
    --hash=sha256:1d5d0e3b660506fb84f995814e3118a21efdc0c8eb80127da1be627d90093c17 \
    --hash=sha256:1f15254427c9b33eedac4f198eaf9e356eb4f6214551afb43da6194a2c088ad7 \
    --hash=sha256:218d742afca2b5ad5ca759e93eddedfbcc6eadf8322f080dcefc40b7bd4e2d48 \
    --hash=sha256:22957cef43ce038641de78ba995de7568d2d6a37c6ddbf7fa0fd7d1ae2344d91 \
    --hash=sha256:23219888477edd736b6fcaec1272d47d93b926e999641ffea7e53a1738e70b2b \
    --hash=sha256:251aed777c47c77aba047096d4542889db089227655711dfc2b9c54ef0e15e35 \
    --hash=sha256:28ff850182a67d117990fa2ce5ea1032836d8c9630dae867e8bdd3bff4533b79 \
    --hash=sha256:29309ccc86b7f33df7db12813c299f215bbbc470ed6292d0bedd63ffae1ebf64 \
    --hash=sha256:2aca0bdfa9e91621d5b09d815357bf63def4fc0e9cb66da67bf2cf93f3b1a6f5 \
    --hash=sha256:30c1b65d529e46569899fadca59e4a87c1faf2886923f1307ba61e654d4f3c20 \
    --hash=sha256:35f37886699cb9abd29958247d718628d5bc6f39e623dff66a09e546c42a7e03 \
    --hash=sha256:382d3346d56b0eec1b793d53a4c88799c8053f516aa3a8d7c44315696954bacf \
    --hash=sha256:396bb16e04ce04efbb3df91456ae4e3da918e69ecdf67fb711b0a0fdf35ccce0 \
    --hash=sha256:3e7f99698ba3a7d13988bdd984b7ebf13af4dbe2166dc8502eef90d77603b0a4 \
    --hash=sha256:3e861f1071dcc2fec1e88bef0920f6b1eaa66a143555b4f8ab79ba2b0f30ef55 \
    --hash=sha256:3f43bac1856ba269b905302778d4df433d6006489a192174ad77ac528e395032 \
    --hash=sha256:40c0f00899fe6181ae7f434ceb200e51f5ee4b8ed10e3b5f0b605f0cae15da87 \
    --hash=sha256:414c26dfdb96aac2d570a54e03008f001e32eb2d413705365503648c6bd361d8 \
    --hash=sha256:4358b9c8c0125b460407f3017c6cce8156e904b32772c5630d27112f52bdbfe5 \
    --hash=sha256:444889f7f66b74e4455c0a97e0e166dd41177f1dca8c0239a47cff25e05ba7e1 \
    --hash=sha256:44f21e407b278efdfc1ee5e481e00518bd1d500310a30a5fbf2bcbedfef4aaf0 \
    --hash=sha256:4cc4f73aa3fabc36e32046d6cd2971405948d8a903636508a3d3b2f9128b3a95 \
    --hash=sha256:4dbbd1155ca46e6e0b6b89d204428c56ef6a459af21333f365d135a2820e5a09 \
    --hash=sha256:4ee546b9e4872ffa194bf07ac87bfa1202ebb824d0795dc1ef22f175545ca90a \
    --hash=sha256:5139009b5efd2194fc168ee9362f0e191ba612ef5d29242f9269c22f9b8f80c7 \
    --hash=sha256:5375ebd99038021b35e99dc88255022912c06565d316212f4a576e4b08d30f5d \
    --hash=sha256:5397e21a90dde0e9c6896b77ded8f0be26b66f8b22b33aed41f6043ed95d55e6 \
    --hash=sha256:57ff3783f99d75a1e81dd56a9737eb5665e6736a5d93258ba596b6dcad8fd05b \
    --hash=sha256:58d4a54c6ea672afef66d49be922a2c69826c5ae1a42a9cd94f0c9c2bacdf800 \
    --hash=sha256:59c3926585e1cd1f2190f4b2ac9014de1bbeaf0d5d0587b0dc6b0aa90d17896a \
    --hash=sha256:5a27b731c171e43dc8b5f32b76a5051dde2ec9b9366c87028f08a7088ebc2c7b \
    --hash=sha256:5b3146d2317c75f70df2509066d979dadd941f7021cdf9b5db4bcd8568258e25 \
    --hash=sha256:5dca0bb66b4c3d624ba047887bf70270030c150692d543cb501293dc38a9f4b5 \
    --hash=sha256:611a44e5229a59d7483ce830160e1a0e85f700562c7a5651c7c63fb8f4eb528c \
    --hash=sha256:648352b94507179d82637292e7ae8802508d95f78e2f00a705a50b6c48011681 \
    --hash=sha256:6a75180829efb8ae62b4aded25be6ddca1c888d138d2d82e21d93bfbd88f41cb \
    --hash=sha256:705e5af11d34647efdc170c7840b6857c81cf74be96419a553f237e68e62cb72 \
    --hash=sha256:723dcdab91357159b722935b500ee8abc0a66c8c432e1e9fabf4cc7598952de8 \
    --hash=sha256:724bd0f1e81856b35e59fc98cf7b4e544a3cb662e4e0864dca73d4326ee9d808 \
    --hash=sha256:732d950e51f3ba4fb6209c73250f3e8924fefca42953ee04a9e65d8c02414d7d \
    --hash=sha256:736fde09ea39646d11f8e3b76bd3425c075aa4dd45f24891970bb77c14ff20f5 \
    --hash=sha256:7a076277ca9f5750cc230f0f578ebd2620cec60255b25707361699fef6fb465c \
    --hash=sha256:7b3bce4a0d05401d70b7d0d5ca783e686bc9d30e81dbd7d980d532609bf809e4 \
    --hash=sha256:7b451c68218c150f616bc9649783ec8de76a59792c759b43aa0c9c0466a465e4 \
    --hash=sha256:7d0732c83746bc24123c581a85d9dd96b70ddb538c9076020aa1a041790361e9 \
    --hash=sha256:7ed238d227e23cc300c3d464babdaf9f6ddc740aa1b15a77ae96136e6a7c4516 \
    --hash=sha256:80d3f7b48d43ee8fc5e8707a8adb43d743a5a1a85256c25a24f9d6d0e2238fa6 \
    --hash=sha256:80e9fdb4c3d926b6ba721d4bf7435bdb869c3527ae7803290361d0ab73db13b6 \
    --hash=sha256:848893e1d361448c113dc2f0913503522a6f7be231d0e38333d2a22d9698a011 \
    --hash=sha256:893ea9cf86cb8d2546812ac93d973aaf2ee1fb45110a873b014214fd23e3725e \
    --hash=sha256:8afd9bf35cc6a1f22eb3634808fa8e0b91902459c5721ef2e4461dfe771d7f08 \
    --hash=sha256:8be099e979fc42559328a21828281b4578304191ae46ed4e80a407048a82eee6 \
    --hash=sha256:8e209591f7c41ae4a9171335cf6156afda0b21de73b02f73f5aa95b2d5fbb08d \
    --hash=sha256:8fc15cc8d0d06e873c00ef18e1372d605f9aaf3de27d8c24e50782e75bc8b843 \
    --hash=sha256:9174f0af24e5eff248b9dbfe76ec5275a3d19d37edbc2810543f12cf97347a34 \
    --hash=sha256:921415102a90637fcc2e3f169f61dad7699ecf690e8639fc21b813acbedc0967 \
    --hash=sha256:967d72c835d7a8cf0af99ec813a2d06e3db6df706402f1fe85b31b437645f495 \
    --hash=sha256:98d9c97f51b334b0adce7b964442a9af33c1a00c6ac856984cc5dc8d18f81c75 \
    --hash=sha256:99704f73721e23859112072d522076e11c31744fc96b5652e5dd2018aa4359f7 \
    --hash=sha256:9a75a4704ff640e46170042eec1f984385a121227c505d5a16ad8e495f452541 \
    --hash=sha256:9acc7f7ec4a1b5f89bd929fde5b8a714f6fafdc6cc18725413d510aa082b47ad \
    --hash=sha256:9c6afdd69218202bc1758c9a14b86b8cf1084f37ed2ca143e567a103772b16d1 \
    --hash=sha256:9cdf19874e0d247f32f03609200370343c3c7aa260b191d8c2bb251d36198283 \
    --hash=sha256:9e1d0ced76318bab499693ff25f64faa343415187cb2e4d7befdfdd391a1cf6a \
    --hash=sha256:9fd670ac43b709c575aefc25bf52d8a598a3bc5017bddfd0a179152ab06a2deb \
    --hash=sha256:a0f2285329dac10ab08f79cb11f5692c497018e6c7c511f95e6fd63a70b8f831 \
    --hash=sha256:a2fac6895eb299a2e52d7bbb8fb3903502b9da8d3f5309ceb16ec40c646b58ee \
    --hash=sha256:a336eec40e3520d369b8a6cdabb4f596e69a8b42927ca074aa1452fed943238a \
    --hash=sha256:a4624f80732f6b427ac58f1f59c577a0994a12e8174b5af6a027b4b58795d4c3 \
    --hash=sha256:a56ac4fa5a75c7e182e8f62600cfb4aff43c5ed7356a034f3557659c3bec1d90 \
    --hash=sha256:a678c0b6b22086ec2427359d22e37445d4a792f5fdbbc744112c7dade65cad02 \
    --hash=sha256:a740ea6f083c6db7b926534d159508f80ba275ab35e722522de0d18d0f56e55f \
    --hash=sha256:a90700f743e29aa3d75a6ff5f01953176a889c00e526194bc4d281731b88d99d \
    --hash=sha256:a9a638be322a8d76a41cdb17781c7f82aaee6a66493d8ffb7e2c09ee22423d99 \
    --hash=sha256:a9cd3de0a5bfe7b0e21ee10e1a14e3d61bf52efc88217ab1d95d6ace6970bd46 \
    --hash=sha256:aa62c85046473959c13ba9edca9dc90a77d5c1095b1ba313556314d77fe5b036 \
    --hash=sha256:aba5c63b7afdc749cc9eae943d5b868cba2b261a176378fa1c5a30bc8bc89982 \
    --hash=sha256:ac0f3b379c94acc2f7dce5f5f0b24d44fa1cc6a509717ef83dfee07450c2117c \
    --hash=sha256:af2a2a8c7c74de0559e0c368d94c8def9e16c58faaee33a0bf081057c4227e3b \
    --hash=sha256:af98ad5ed9d6daaca956201e00bb429a7eb2b080426686f70a20353e0f9839f5 \
    --hash=sha256:afdf43b72ef3876c1fe66423b91466e37877c9e81e8cec70542b7e8525b9d1b7 \
    --hash=sha256:b88841e654f09732804809e435b3e005a929ffd9998b872b7b213957b8759cb8 \
    --hash=sha256:bb2fc905bbf4e6b7f40806ea79e31515abf6349594cdf0adf27c4215f0463204 \
    --hash=sha256:bb4ffe96aa663cee727659db5a2afeb38c95f8677b747d447b90d6d4874ea2c5 \
    --hash=sha256:bc0b0ac781d489304b741269857f1f8338b7a26b1b89c06c0344658001ec0035 \
    --hash=sha256:bf1bd822ec4e387ed245bed0d71151582cf7be9e5309bc4145eefe36083d5878 \
    --hash=sha256:c19cd6d025c1673f22afcd22c7df8a662d779e05d8e3fa6820c22afb895b0206 \
    --hash=sha256:c3305c38a2fa21a4254f2ace7dd9ef5fc569c9a558b66e7017650b3d637fb95e \
    --hash=sha256:c85d54e7e8a2ca932fe8399301af9b8d5907ea2a455ffaff6e7d1208db83b943 \
    --hash=sha256:ca64d9f1f384f151b9511bec01126072acd2f313439f8ed015a22d8790aab6fa \
    --hash=sha256:cce2bc991293f15cc4084ca116827b5900c5f34e1a54dfe83f10ab5c43162eb7 \
    --hash=sha256:d6276d78f6fca7d0ac066d5da4165c5acd07829e8305c2cb900b738fb3a75a72 \
    --hash=sha256:d93db87adb6b1c1b408dce4763314b55d76a9f589e96783a84ac9e7689e48bdf \
    --hash=sha256:db5f8394e17f877a625b257f2ba0ce8e728a499c2c1579ad66220272cd3df510 \
    --hash=sha256:db76506aa5416081f3e8974ae0f7965c58ada0bb0ef7339ac86099588dbb20d3 \
    --hash=sha256:dba2edfb054f6d4a08df9d1637c39a5aa3865bca6617c13c86be21e45658a59c \
    --hash=sha256:dcf4bc2aab4e16b1c4c0c2005918f23a7dd5d7821ddae82caed9e3342dc2fcce \
    --hash=sha256:e1fa594c887365b69745f25a416806e61085dd07b94c9eae68a6e20730629b23 \
    --hash=sha256:e6c52d3307824ff93b39efd99e4185d557db40bd841452abfb32e5d9151ca162 \
    --hash=sha256:eb57acff4a74246ae513c142d4b36e18c389c3aed8661914a53f7cd0071031b2 \
    --hash=sha256:f80bd9f9633eafc73d0a913ba2645c96ba58bba1befc30590f7c0fbfde59d865 \
    --hash=sha256:f8475460aa33ee28ac896ab1156d0bb3b6c639f7f8383c2677d3359eb35f8205 \
    --hash=sha256:fb2bde05838fffae1a1bf75e5d411a6cac3e4e9bb97e6640fed8cd47888b33f0 \
    --hash=sha256:fb9d92ecfe2d5b494367c67f7446f8b75b68d8d0c8cf3bc3e6997478be25d9e2 \
    --hash=sha256:fd3d72233eb8b48acc94fa57d44e2d32ce8e7abed02882ccb6d855ccc4ed33ec
    # via -r interop/aps-durable-refund-2026-10-05/requirements.in
cryptography==46.0.7 \
    --hash=sha256:04959522f938493042d595a736e7dbdff6eb6cc2339c11465b3ff89343b65f65 \
    --hash=sha256:128c5edfe5e5938b86b03941e94fac9ee793a94452ad1365c9fc3f4f62216832 \
    --hash=sha256:1d25aee46d0c6f1a501adcddb2d2fee4b979381346a78558ed13e50aa8a59067 \
    --hash=sha256:24402210aa54baae71d99441d15bb5a1919c195398a87b563df84468160a65de \
    --hash=sha256:258514877e15963bd43b558917bc9f54cf7cf866c38aa576ebf47a77ddbc43a4 \
    --hash=sha256:35719dc79d4730d30f1c2b6474bd6acda36ae2dfae1e3c16f2051f215df33ce0 \
    --hash=sha256:397655da831414d165029da9bc483bed2fe0e75dde6a1523ec2fe63f3c46046b \
    --hash=sha256:3986ac1dee6def53797289999eabe84798ad7817f3e97779b5061a95b0ee4968 \
    --hash=sha256:420b1e4109cc95f0e5700eed79908cef9268265c773d3a66f7af1eef53d409ef \
    --hash=sha256:42a1e5f98abb6391717978baf9f90dc28a743b7d9be7f0751a6f56a75d14065b \
    --hash=sha256:462ad5cb1c148a22b2e3bcc5ad52504dff325d17daf5df8d88c17dda1f75f2a4 \
    --hash=sha256:506c4ff91eff4f82bdac7633318a526b1d1309fc07ca76a3ad182cb5b686d6d3 \
    --hash=sha256:5ad9ef796328c5e3c4ceed237a183f5d41d21150f972455a9d926593a1dcb308 \
    --hash=sha256:5d1c02a14ceb9148cc7816249f64f623fbfee39e8c03b3650d842ad3f34d637e \
    --hash=sha256:5e51be372b26ef4ba3de3c167cd3d1022934bc838ae9eaad7e644986d2a3d163 \
    --hash=sha256:60627cf07e0d9274338521205899337c5d18249db56865f943cbe753aa96f40f \
    --hash=sha256:65814c60f8cc400c63131584e3e1fad01235edba2614b61fbfbfa954082db0ee \
    --hash=sha256:73510b83623e080a2c35c62c15298096e2a5dc8d51c3b4e1740211839d0dea77 \
    --hash=sha256:7bbc6ccf49d05ac8f7d7b5e2e2c33830d4fe2061def88210a126d130d7f71a85 \
    --hash=sha256:80406c3065e2c55d7f49a9550fe0c49b3f12e5bfff5dedb727e319e1afb9bf99 \
    --hash=sha256:84d4cced91f0f159a7ddacad249cc077e63195c36aac40b4150e7a57e84fffe7 \
    --hash=sha256:8a469028a86f12eb7d2fe97162d0634026d92a21f3ae0ac87ed1c4a447886c83 \
    --hash=sha256:91bbcb08347344f810cbe49065914fe048949648f6bd5c2519f34619142bbe85 \
    --hash=sha256:935ce7e3cfdb53e3536119a542b839bb94ec1ad081013e9ab9b7cfd478b05006 \
    --hash=sha256:9694078c5d44c157ef3162e3bf3946510b857df5a3955458381d1c7cfc143ddb \
    --hash=sha256:a1529d614f44b863a7b480c6d000fe93b59acee9c82ffa027cfadc77521a9f5e \
    --hash=sha256:abad9dac36cbf55de6eb49badd4016806b3165d396f64925bf2999bcb67837ba \
    --hash=sha256:b36a4695e29fe69215d75960b22577197aca3f7a25b9cf9d165dcfe9d80bc325 \
    --hash=sha256:b7b412817be92117ec5ed95f880defe9cf18a832e8cafacf0a22337dc1981b4d \
    --hash=sha256:c5b1ccd1239f48b7151a65bc6dd54bcfcc15e028c8ac126d3fada09db0e07ef1 \
    --hash=sha256:cbd5fb06b62bd0721e1170273d3f4d5a277044c47ca27ee257025146c34cbdd1 \
    --hash=sha256:cdf1a610ef82abb396451862739e3fc93b071c844399e15b90726ef7470eeaf2 \
    --hash=sha256:cdfbe22376065ffcf8be74dc9a909f032df19bc58a699456a21712d6e5eabfd0 \
    --hash=sha256:d02c738dacda7dc2a74d1b2b3177042009d5cab7c7079db74afc19e56ca1b455 \
    --hash=sha256:d151173275e1728cf7839aaa80c34fe550c04ddb27b34f48c232193df8db5842 \
    --hash=sha256:d23c8ca48e44ee015cd0a54aeccdf9f09004eba9fc96f38c911011d9ff1bd457 \
    --hash=sha256:d3b99c535a9de0adced13d159c5a9cf65c325601aa30f4be08afd680643e9c15 \
    --hash=sha256:d5f7520159cd9c2154eb61eb67548ca05c5774d39e9c2c4339fd793fe7d097b2 \
    --hash=sha256:db0f493b9181c7820c8134437eb8b0b4792085d37dbb24da050476ccb664e59c \
    --hash=sha256:e06acf3c99be55aa3b516397fe42f5855597f430add9c17fa46bf2e0fb34c9bb \
    --hash=sha256:e4cfd68c5f3e0bfdad0d38e023239b96a2fe84146481852dffbcca442c245aa5 \
    --hash=sha256:ea42cbe97209df307fdc3b155f1b6fa2577c0defa8f1f7d3be7d31d189108ad4 \
    --hash=sha256:ebd6daf519b9f189f85c479427bbd6e9c9037862cf8fe89ee35503bd209ed902 \
    --hash=sha256:f247c8c1a1fb45e12586afbb436ef21ff1e80670b2861a90353d9b025583d246 \
    --hash=sha256:fbfd0e5f273877695cb93baf14b185f4878128b250cc9f8e617ea0c025dfb022 \
    --hash=sha256:fc9ab8856ae6cf7c9358430e49b368f3108f050031442eaeb6b9d87e4dcf4e4f \
    --hash=sha256:fcd8eac50d9138c1d7fc53a653ba60a2bee81a505f9f8850b6b2888555a45d0e \
    --hash=sha256:fdd1736fed309b4300346f88f74cd120c27c56852c3838cab416e7a166f67298 \
    --hash=sha256:ffca7aa1d00cf7d6469b988c581598f2259e46215e0140af408966a24cf086ce
    # via -r interop/aps-durable-refund-2026-10-05/requirements.in
hypothesis==6.140.2 \
    --hash=sha256:4524cb84be90961563ef15634e2efe96150bbcce47621a13cff3c1b03a326663 \
    --hash=sha256:b3b4a162134eeef8a992621de6c43d80e03d44704a3c3bfb5b9d0661b375b0d2
    # via -r interop/aps-durable-refund-2026-10-05/requirements.in
iniconfig==2.3.0 \
    --hash=sha256:c76315c77db068650d49c5b56314774a7804df16fee4402c1f19d6d15d8c4730 \
    --hash=sha256:f631c04d2c48c52b84d0d0549c99ff3859c98df65b3101406327ecc7d53fbf12
    # via pytest
packaging==26.3 \
    --hash=sha256:94edc256424af38762eb31306eed28beb9f0efc50a8837492c9d6fd6004aed79 \
    --hash=sha256:d7193f7c8e4e93f444fde0262bf90af30e16fa0ad0ad44cb553c87339b23cd1c
    # via
    #   build
    #   pytest
pluggy==1.6.0 \
    --hash=sha256:7dcc130b76258d33b90f61b658791dede3486c3e6bfb003ee5c9bfb396dd22f3 \
    --hash=sha256:e920276dd6813095e9377c0bc5566d94c932c33b27a3e3945d8389c374dd4746
    # via pytest
pycparser==3.0 \
    --hash=sha256:600f49d217304a5902ac3c37e1281c9fe94e4d0489de643a9504c5cdfdfc6b29 \
    --hash=sha256:b727414169a36b7d524c1c3e31839a521725078d7b2ff038656844266160a992
    # via cffi
pygments==2.21.0 \
    --hash=sha256:2363c69b61c4a97c838da3b130dcd6468f4848992b21a82f2a63ec34377137d9 \
    --hash=sha256:610ca751c9bc2492b38eb9a38a7fbc93edbbb2d7182edaf34e66ae493dee5c8c
    # via pytest
pyproject-hooks==1.3.3 \
    --hash=sha256:5fc53fdac9f7bd63fbcdc868fb5f90b4784d78a53a3d3388cd738b807441a20b \
    --hash=sha256:defda19b854fa0d3bd4f76ea4ddcba8abd7dcfcdd585a6690ade050744fc5f43
    # via build
pytest==8.4.2 \
    --hash=sha256:86c0d0b93306b961d58d62a4db4879f27fe25513d4b969df351abdddb3c30e01 \
    --hash=sha256:872f880de3fc3a5bdc88a11b39c9710c3497a547cfa9320bc3c5e62fbf272e79
    # via -r interop/aps-durable-refund-2026-10-05/requirements.in
rfc8785==0.1.4 \
    --hash=sha256:520d690b448ecf0703691c76e1a34a24ddcd4fc5bc41d589cb7c58ec651bcd48 \
    --hash=sha256:e545841329fe0eee4f6a3b44e7034343100c12b4ec566dc06ca9735681deb4da
    # via -r interop/aps-durable-refund-2026-10-05/requirements.in
setuptools==80.9.0 \
    --hash=sha256:062d34222ad13e0cc312a4c02d73f059e86a4acbfbdea8f8f76b28c99f306922 \
    --hash=sha256:f36b47402ecde768dbfafc46e8e4207b4360c654f1f3bb84475f0a28628fb19c
    # via -r interop/aps-durable-refund-2026-10-05/requirements.in
sortedcontainers==2.4.0 \
    --hash=sha256:25caa5a06cc30b6b83d11423433f65d1f9d76c4c6a0c90e3379eaa43b9bfdb88 \
    --hash=sha256:a163dcaede0f1c021485e957a39245190e74249897e2ae4b2aa38595db237ee0
    # via hypothesis
